
Microsoft Visual Studio Solution File, Format Version 12.00
Project("{FAE04EC0-301F-11D3-BF4B-00C04F79EFBC}") = "DarkDeeds.ApiGatewayApp.App", "DarkDeeds.ApiGatewayApp.App\DarkDeeds.ApiGatewayApp.App.csproj", "{06A483B2-7AB6-4412-94C1-9A8BD2B1BAA3}"
EndProject
Global
	GlobalSection(SolutionConfigurationPlatforms) = preSolution
		Debug|Any CPU = Debug|Any CPU
		Release|Any CPU = Release|Any CPU
	EndGlobalSection
	GlobalSection(ProjectConfigurationPlatforms) = postSolution
		{06A483B2-7AB6-4412-94C1-9A8BD2B1BAA3}.Debug|Any CPU.ActiveCfg = Debug|Any CPU
		{06A483B2-7AB6-4412-94C1-9A8BD2B1BAA3}.Debug|Any CPU.Build.0 = Debug|Any CPU
		{06A483B2-7AB6-4412-94C1-9A8BD2B1BAA3}.Release|Any CPU.ActiveCfg = Release|Any CPU
		{06A483B2-7AB6-4412-94C1-9A8BD2B1BAA3}.Release|Any CPU.Build.0 = Release|Any CPU
	EndGlobalSection
EndGlobal
