
Microsoft Visual Studio Solution File, Format Version 12.00
Project("{FAE04EC0-301F-11D3-BF4B-00C04F79EFBC}") = "DarkDeeds.WebClientBffApp.App", "DarkDeeds.WebClientBffApp.App\DarkDeeds.WebClientBffApp.App.csproj", "{BB53E1D5-3EC9-46DA-9778-D0DC04864D2B}"
EndProject
Project("{2150E333-8FDC-42A3-9474-1A3956D46DE8}") = "1 Entities", "1 Entities", "{25B8A82D-2046-4AB0-9AE1-5917BD0623E8}"
EndProject
Project("{2150E333-8FDC-42A3-9474-1A3956D46DE8}") = "2 Services", "2 Services", "{A7EB91D2-1EE1-4C4C-9ED6-4603D3FC4263}"
EndProject
Project("{2150E333-8FDC-42A3-9474-1A3956D46DE8}") = "3 UseCases", "3 UseCases", "{B6BEB6B7-97DC-45CF-9ADE-FB7976E80470}"
EndProject
Project("{2150E333-8FDC-42A3-9474-1A3956D46DE8}") = "4 Frameworks", "4 Frameworks", "{29480459-EC0C-437F-B241-F13CF9CB1A8A}"
EndProject
Project("{2150E333-8FDC-42A3-9474-1A3956D46DE8}") = "5 Libs", "5 Libs", "{56D59880-C9CD-4DA3-A9E7-CBA004A169D2}"
EndProject
Project("{FAE04EC0-301F-11D3-BF4B-00C04F79EFBC}") = "DarkDeeds.WebClientBffApp.Entities", "DarkDeeds.WebClientBffApp.Entities\DarkDeeds.WebClientBffApp.Entities.csproj", "{859DF4A8-FD33-47DB-BCF4-EC7A0CE0B68A}"
EndProject
Project("{FAE04EC0-301F-11D3-BF4B-00C04F79EFBC}") = "DarkDeeds.WebClientBffApp.Services", "DarkDeeds.WebClientBffApp.Services\DarkDeeds.WebClientBffApp.Services.csproj", "{A0EED284-8FDD-4967-BE5A-7B8A48087EEB}"
EndProject
Project("{FAE04EC0-301F-11D3-BF4B-00C04F79EFBC}") = "DarkDeeds.WebClientBffApp.Infrastructure", "DarkDeeds.WebClientBffApp.Infrastructure\DarkDeeds.WebClientBffApp.Infrastructure.csproj", "{A78A5472-4344-4BF5-BD32-9F6729600C84}"
EndProject
Project("{FAE04EC0-301F-11D3-BF4B-00C04F79EFBC}") = "DarkDeeds.WebClientBffApp.Communication", "DarkDeeds.WebClientBffApp.Communication\DarkDeeds.WebClientBffApp.Communication.csproj", "{0799C77A-BFDC-49BD-810E-07E12B80B573}"
EndProject
Project("{FAE04EC0-301F-11D3-BF4B-00C04F79EFBC}") = "DarkDeeds.WebClientBffApp.Data", "DarkDeeds.WebClientBffApp.Data\DarkDeeds.WebClientBffApp.Data.csproj", "{CB5FEDD5-1011-4934-8F58-3849F8C08AB6}"
EndProject
Project("{FAE04EC0-301F-11D3-BF4B-00C04F79EFBC}") = "DarkDeeds.Authentication.DependencyInjection", "..\..\..\libs\DarkDeeds.Authentication\DarkDeeds.Authentication.DependencyInjection\DarkDeeds.Authentication.DependencyInjection.csproj", "{BC7B4192-175B-4956-9104-B72D51E7B4EF}"
EndProject
Project("{FAE04EC0-301F-11D3-BF4B-00C04F79EFBC}") = "DarkDeeds.Common", "..\..\..\libs\DarkDeeds.Common\DarkDeeds.Common\DarkDeeds.Common.csproj", "{B9849B44-DFA0-47CD-B506-3EB885D0D6A2}"
EndProject
Project("{FAE04EC0-301F-11D3-BF4B-00C04F79EFBC}") = "DarkDeeds.Communication", "..\..\..\libs\DarkDeeds.Communication\DarkDeeds.Communication\DarkDeeds.Communication.csproj", "{95109AC7-0DC8-4B0B-BB3D-A0F7AD6B166D}"
EndProject
Project("{FAE04EC0-301F-11D3-BF4B-00C04F79EFBC}") = "DarkDeeds.AuthServiceApp.Contract", "..\..\AuthServiceApp\DarkDeeds.AuthServiceApp\DarkDeeds.AuthServiceApp.Contract\DarkDeeds.AuthServiceApp.Contract.csproj", "{F61F4341-B1F5-42FF-A4F9-513F214BEA47}"
EndProject
Project("{FAE04EC0-301F-11D3-BF4B-00C04F79EFBC}") = "DarkDeeds.WebClientBffApp.UseCases", "DarkDeeds.WebClientBffApp.UseCases\DarkDeeds.WebClientBffApp.UseCases.csproj", "{53E69EC2-449D-43B6-B2EF-850776C8DB2E}"
EndProject
Project("{FAE04EC0-301F-11D3-BF4B-00C04F79EFBC}") = "DarkDeeds.Authentication", "..\..\..\libs\DarkDeeds.Authentication\DarkDeeds.Authentication\DarkDeeds.Authentication.csproj", "{EDB9AC81-235D-4687-BB20-E4B3F00B50AF}"
EndProject
Global
	GlobalSection(SolutionConfigurationPlatforms) = preSolution
		Debug|Any CPU = Debug|Any CPU
		Release|Any CPU = Release|Any CPU
	EndGlobalSection
	GlobalSection(ProjectConfigurationPlatforms) = postSolution
		{BB53E1D5-3EC9-46DA-9778-D0DC04864D2B}.Debug|Any CPU.ActiveCfg = Debug|Any CPU
		{BB53E1D5-3EC9-46DA-9778-D0DC04864D2B}.Debug|Any CPU.Build.0 = Debug|Any CPU
		{BB53E1D5-3EC9-46DA-9778-D0DC04864D2B}.Release|Any CPU.ActiveCfg = Release|Any CPU
		{BB53E1D5-3EC9-46DA-9778-D0DC04864D2B}.Release|Any CPU.Build.0 = Release|Any CPU
		{859DF4A8-FD33-47DB-BCF4-EC7A0CE0B68A}.Debug|Any CPU.ActiveCfg = Debug|Any CPU
		{859DF4A8-FD33-47DB-BCF4-EC7A0CE0B68A}.Debug|Any CPU.Build.0 = Debug|Any CPU
		{859DF4A8-FD33-47DB-BCF4-EC7A0CE0B68A}.Release|Any CPU.ActiveCfg = Release|Any CPU
		{859DF4A8-FD33-47DB-BCF4-EC7A0CE0B68A}.Release|Any CPU.Build.0 = Release|Any CPU
		{A0EED284-8FDD-4967-BE5A-7B8A48087EEB}.Debug|Any CPU.ActiveCfg = Debug|Any CPU
		{A0EED284-8FDD-4967-BE5A-7B8A48087EEB}.Debug|Any CPU.Build.0 = Debug|Any CPU
		{A0EED284-8FDD-4967-BE5A-7B8A48087EEB}.Release|Any CPU.ActiveCfg = Release|Any CPU
		{A0EED284-8FDD-4967-BE5A-7B8A48087EEB}.Release|Any CPU.Build.0 = Release|Any CPU
		{A78A5472-4344-4BF5-BD32-9F6729600C84}.Debug|Any CPU.ActiveCfg = Debug|Any CPU
		{A78A5472-4344-4BF5-BD32-9F6729600C84}.Debug|Any CPU.Build.0 = Debug|Any CPU
		{A78A5472-4344-4BF5-BD32-9F6729600C84}.Release|Any CPU.ActiveCfg = Release|Any CPU
		{A78A5472-4344-4BF5-BD32-9F6729600C84}.Release|Any CPU.Build.0 = Release|Any CPU
		{0799C77A-BFDC-49BD-810E-07E12B80B573}.Debug|Any CPU.ActiveCfg = Debug|Any CPU
		{0799C77A-BFDC-49BD-810E-07E12B80B573}.Debug|Any CPU.Build.0 = Debug|Any CPU
		{0799C77A-BFDC-49BD-810E-07E12B80B573}.Release|Any CPU.ActiveCfg = Release|Any CPU
		{0799C77A-BFDC-49BD-810E-07E12B80B573}.Release|Any CPU.Build.0 = Release|Any CPU
		{CB5FEDD5-1011-4934-8F58-3849F8C08AB6}.Debug|Any CPU.ActiveCfg = Debug|Any CPU
		{CB5FEDD5-1011-4934-8F58-3849F8C08AB6}.Debug|Any CPU.Build.0 = Debug|Any CPU
		{CB5FEDD5-1011-4934-8F58-3849F8C08AB6}.Release|Any CPU.ActiveCfg = Release|Any CPU
		{CB5FEDD5-1011-4934-8F58-3849F8C08AB6}.Release|Any CPU.Build.0 = Release|Any CPU
		{BC7B4192-175B-4956-9104-B72D51E7B4EF}.Debug|Any CPU.ActiveCfg = Debug|Any CPU
		{BC7B4192-175B-4956-9104-B72D51E7B4EF}.Debug|Any CPU.Build.0 = Debug|Any CPU
		{BC7B4192-175B-4956-9104-B72D51E7B4EF}.Release|Any CPU.ActiveCfg = Release|Any CPU
		{BC7B4192-175B-4956-9104-B72D51E7B4EF}.Release|Any CPU.Build.0 = Release|Any CPU
		{B9849B44-DFA0-47CD-B506-3EB885D0D6A2}.Debug|Any CPU.ActiveCfg = Debug|Any CPU
		{B9849B44-DFA0-47CD-B506-3EB885D0D6A2}.Debug|Any CPU.Build.0 = Debug|Any CPU
		{B9849B44-DFA0-47CD-B506-3EB885D0D6A2}.Release|Any CPU.ActiveCfg = Release|Any CPU
		{B9849B44-DFA0-47CD-B506-3EB885D0D6A2}.Release|Any CPU.Build.0 = Release|Any CPU
		{95109AC7-0DC8-4B0B-BB3D-A0F7AD6B166D}.Debug|Any CPU.ActiveCfg = Debug|Any CPU
		{95109AC7-0DC8-4B0B-BB3D-A0F7AD6B166D}.Debug|Any CPU.Build.0 = Debug|Any CPU
		{95109AC7-0DC8-4B0B-BB3D-A0F7AD6B166D}.Release|Any CPU.ActiveCfg = Release|Any CPU
		{95109AC7-0DC8-4B0B-BB3D-A0F7AD6B166D}.Release|Any CPU.Build.0 = Release|Any CPU
		{F61F4341-B1F5-42FF-A4F9-513F214BEA47}.Debug|Any CPU.ActiveCfg = Debug|Any CPU
		{F61F4341-B1F5-42FF-A4F9-513F214BEA47}.Debug|Any CPU.Build.0 = Debug|Any CPU
		{F61F4341-B1F5-42FF-A4F9-513F214BEA47}.Release|Any CPU.ActiveCfg = Release|Any CPU
		{F61F4341-B1F5-42FF-A4F9-513F214BEA47}.Release|Any CPU.Build.0 = Release|Any CPU
		{53E69EC2-449D-43B6-B2EF-850776C8DB2E}.Debug|Any CPU.ActiveCfg = Debug|Any CPU
		{53E69EC2-449D-43B6-B2EF-850776C8DB2E}.Debug|Any CPU.Build.0 = Debug|Any CPU
		{53E69EC2-449D-43B6-B2EF-850776C8DB2E}.Release|Any CPU.ActiveCfg = Release|Any CPU
		{53E69EC2-449D-43B6-B2EF-850776C8DB2E}.Release|Any CPU.Build.0 = Release|Any CPU
		{EDB9AC81-235D-4687-BB20-E4B3F00B50AF}.Debug|Any CPU.ActiveCfg = Debug|Any CPU
		{EDB9AC81-235D-4687-BB20-E4B3F00B50AF}.Debug|Any CPU.Build.0 = Debug|Any CPU
		{EDB9AC81-235D-4687-BB20-E4B3F00B50AF}.Release|Any CPU.ActiveCfg = Release|Any CPU
		{EDB9AC81-235D-4687-BB20-E4B3F00B50AF}.Release|Any CPU.Build.0 = Release|Any CPU
	EndGlobalSection
	GlobalSection(NestedProjects) = preSolution
		{BB53E1D5-3EC9-46DA-9778-D0DC04864D2B} = {29480459-EC0C-437F-B241-F13CF9CB1A8A}
		{859DF4A8-FD33-47DB-BCF4-EC7A0CE0B68A} = {25B8A82D-2046-4AB0-9AE1-5917BD0623E8}
		{A0EED284-8FDD-4967-BE5A-7B8A48087EEB} = {A7EB91D2-1EE1-4C4C-9ED6-4603D3FC4263}
		{A78A5472-4344-4BF5-BD32-9F6729600C84} = {A7EB91D2-1EE1-4C4C-9ED6-4603D3FC4263}
		{CB5FEDD5-1011-4934-8F58-3849F8C08AB6} = {29480459-EC0C-437F-B241-F13CF9CB1A8A}
		{BC7B4192-175B-4956-9104-B72D51E7B4EF} = {56D59880-C9CD-4DA3-A9E7-CBA004A169D2}
		{B9849B44-DFA0-47CD-B506-3EB885D0D6A2} = {56D59880-C9CD-4DA3-A9E7-CBA004A169D2}
		{95109AC7-0DC8-4B0B-BB3D-A0F7AD6B166D} = {56D59880-C9CD-4DA3-A9E7-CBA004A169D2}
		{F61F4341-B1F5-42FF-A4F9-513F214BEA47} = {56D59880-C9CD-4DA3-A9E7-CBA004A169D2}
		{53E69EC2-449D-43B6-B2EF-850776C8DB2E} = {B6BEB6B7-97DC-45CF-9ADE-FB7976E80470}
		{EDB9AC81-235D-4687-BB20-E4B3F00B50AF} = {56D59880-C9CD-4DA3-A9E7-CBA004A169D2}
		{0799C77A-BFDC-49BD-810E-07E12B80B573} = {29480459-EC0C-437F-B241-F13CF9CB1A8A}
	EndGlobalSection
EndGlobal
