
Microsoft Visual Studio Solution File, Format Version 12.00
Project("{FAE04EC0-301F-11D3-BF4B-00C04F79EFBC}") = "DarkDeeds.Api", "DarkDeeds.Api\DarkDeeds.Api.csproj", "{5BF23C9F-31CA-4708-8571-33D912A8FEF5}"
EndProject
Project("{FAE04EC0-301F-11D3-BF4B-00C04F79EFBC}") = "DarkDeeds.Services", "DarkDeeds.Services\DarkDeeds.Services.csproj", "{9C8EA434-0378-4B6F-88A0-54756128E52C}"
EndProject
Project("{FAE04EC0-301F-11D3-BF4B-00C04F79EFBC}") = "DarkDeeds.Data", "DarkDeeds.Data\DarkDeeds.Data.csproj", "{FDCF6E06-01B7-4B5C-8561-D3D2EAF61387}"
EndProject
Project("{FAE04EC0-301F-11D3-BF4B-00C04F79EFBC}") = "DarkDeeds.Tests", "DarkDeeds.Tests\DarkDeeds.Tests.csproj", "{261CCF46-58FD-42E6-AB8F-0EB8B0541C34}"
EndProject
Project("{FAE04EC0-301F-11D3-BF4B-00C04F79EFBC}") = "DarkDeeds.BotIntegration", "DarkDeeds.BotIntegration\DarkDeeds.BotIntegration.csproj", "{A3D1545D-6D7D-42C7-9858-3F19E8404520}"
EndProject
Project("{2150E333-8FDC-42A3-9474-1A3956D46DE8}") = "1 Entities", "1 Entities", "{D1AFAA7E-0D28-4C6E-ACE0-ADCCFBFFD404}"
EndProject
Project("{FAE04EC0-301F-11D3-BF4B-00C04F79EFBC}") = "DarkDeeds.Entities", "DarkDeeds.Entities\DarkDeeds.Entities.csproj", "{D921B1EE-1040-4ECD-87FB-2EFE4AAD096C}"
EndProject
Project("{2150E333-8FDC-42A3-9474-1A3956D46DE8}") = "2 Services", "2 Services", "{40227636-0181-4BD7-BA8A-CCB34DFDD6F4}"
EndProject
Project("{FAE04EC0-301F-11D3-BF4B-00C04F79EFBC}") = "DarkDeeds.Infrastructure.Interfaces", "DarkDeeds.Infrastructure.Interfaces\DarkDeeds.Infrastructure.Interfaces.csproj", "{AE678F02-F805-4833-9569-25C6A554A41B}"
EndProject
Project("{2150E333-8FDC-42A3-9474-1A3956D46DE8}") = "5 Frameworks", "5 Frameworks", "{016C7E3B-0F77-4DC6-83C5-DA1904BE02BC}"
EndProject
Project("{FAE04EC0-301F-11D3-BF4B-00C04F79EFBC}") = "DarkDeeds.Auth", "DarkDeeds.Auth\DarkDeeds.Auth.csproj", "{F2B99587-351C-4E4D-A3DD-A9A60D6B08FC}"
EndProject
Project("{FAE04EC0-301F-11D3-BF4B-00C04F79EFBC}") = "DarkDeeds.EfCoreExtensions", "DarkDeeds.EfCoreExtensions\DarkDeeds.EfCoreExtensions.csproj", "{5E22A7B1-FBB6-42E7-BB9A-028AE738530D}"
EndProject
Global
	GlobalSection(SolutionConfigurationPlatforms) = preSolution
		Debug|Any CPU = Debug|Any CPU
		Release|Any CPU = Release|Any CPU
	EndGlobalSection
	GlobalSection(ProjectConfigurationPlatforms) = postSolution
		{5BF23C9F-31CA-4708-8571-33D912A8FEF5}.Debug|Any CPU.ActiveCfg = Debug|Any CPU
		{5BF23C9F-31CA-4708-8571-33D912A8FEF5}.Debug|Any CPU.Build.0 = Debug|Any CPU
		{5BF23C9F-31CA-4708-8571-33D912A8FEF5}.Release|Any CPU.ActiveCfg = Release|Any CPU
		{5BF23C9F-31CA-4708-8571-33D912A8FEF5}.Release|Any CPU.Build.0 = Release|Any CPU
		{9C8EA434-0378-4B6F-88A0-54756128E52C}.Debug|Any CPU.ActiveCfg = Debug|Any CPU
		{9C8EA434-0378-4B6F-88A0-54756128E52C}.Debug|Any CPU.Build.0 = Debug|Any CPU
		{9C8EA434-0378-4B6F-88A0-54756128E52C}.Release|Any CPU.ActiveCfg = Release|Any CPU
		{9C8EA434-0378-4B6F-88A0-54756128E52C}.Release|Any CPU.Build.0 = Release|Any CPU
		{FDCF6E06-01B7-4B5C-8561-D3D2EAF61387}.Debug|Any CPU.ActiveCfg = Debug|Any CPU
		{FDCF6E06-01B7-4B5C-8561-D3D2EAF61387}.Debug|Any CPU.Build.0 = Debug|Any CPU
		{FDCF6E06-01B7-4B5C-8561-D3D2EAF61387}.Release|Any CPU.ActiveCfg = Release|Any CPU
		{FDCF6E06-01B7-4B5C-8561-D3D2EAF61387}.Release|Any CPU.Build.0 = Release|Any CPU
		{261CCF46-58FD-42E6-AB8F-0EB8B0541C34}.Debug|Any CPU.ActiveCfg = Debug|Any CPU
		{261CCF46-58FD-42E6-AB8F-0EB8B0541C34}.Debug|Any CPU.Build.0 = Debug|Any CPU
		{261CCF46-58FD-42E6-AB8F-0EB8B0541C34}.Release|Any CPU.ActiveCfg = Release|Any CPU
		{261CCF46-58FD-42E6-AB8F-0EB8B0541C34}.Release|Any CPU.Build.0 = Release|Any CPU
		{A3D1545D-6D7D-42C7-9858-3F19E8404520}.Debug|Any CPU.ActiveCfg = Debug|Any CPU
		{A3D1545D-6D7D-42C7-9858-3F19E8404520}.Debug|Any CPU.Build.0 = Debug|Any CPU
		{A3D1545D-6D7D-42C7-9858-3F19E8404520}.Release|Any CPU.ActiveCfg = Release|Any CPU
		{A3D1545D-6D7D-42C7-9858-3F19E8404520}.Release|Any CPU.Build.0 = Release|Any CPU
		{D921B1EE-1040-4ECD-87FB-2EFE4AAD096C}.Debug|Any CPU.ActiveCfg = Debug|Any CPU
		{D921B1EE-1040-4ECD-87FB-2EFE4AAD096C}.Debug|Any CPU.Build.0 = Debug|Any CPU
		{D921B1EE-1040-4ECD-87FB-2EFE4AAD096C}.Release|Any CPU.ActiveCfg = Release|Any CPU
		{D921B1EE-1040-4ECD-87FB-2EFE4AAD096C}.Release|Any CPU.Build.0 = Release|Any CPU
		{AE678F02-F805-4833-9569-25C6A554A41B}.Debug|Any CPU.ActiveCfg = Debug|Any CPU
		{AE678F02-F805-4833-9569-25C6A554A41B}.Debug|Any CPU.Build.0 = Debug|Any CPU
		{AE678F02-F805-4833-9569-25C6A554A41B}.Release|Any CPU.ActiveCfg = Release|Any CPU
		{AE678F02-F805-4833-9569-25C6A554A41B}.Release|Any CPU.Build.0 = Release|Any CPU
		{F2B99587-351C-4E4D-A3DD-A9A60D6B08FC}.Debug|Any CPU.ActiveCfg = Debug|Any CPU
		{F2B99587-351C-4E4D-A3DD-A9A60D6B08FC}.Debug|Any CPU.Build.0 = Debug|Any CPU
		{F2B99587-351C-4E4D-A3DD-A9A60D6B08FC}.Release|Any CPU.ActiveCfg = Release|Any CPU
		{F2B99587-351C-4E4D-A3DD-A9A60D6B08FC}.Release|Any CPU.Build.0 = Release|Any CPU
		{5E22A7B1-FBB6-42E7-BB9A-028AE738530D}.Debug|Any CPU.ActiveCfg = Debug|Any CPU
		{5E22A7B1-FBB6-42E7-BB9A-028AE738530D}.Debug|Any CPU.Build.0 = Debug|Any CPU
		{5E22A7B1-FBB6-42E7-BB9A-028AE738530D}.Release|Any CPU.ActiveCfg = Release|Any CPU
		{5E22A7B1-FBB6-42E7-BB9A-028AE738530D}.Release|Any CPU.Build.0 = Release|Any CPU
	EndGlobalSection
	GlobalSection(NestedProjects) = preSolution
		{D921B1EE-1040-4ECD-87FB-2EFE4AAD096C} = {D1AFAA7E-0D28-4C6E-ACE0-ADCCFBFFD404}
		{9C8EA434-0378-4B6F-88A0-54756128E52C} = {40227636-0181-4BD7-BA8A-CCB34DFDD6F4}
		{AE678F02-F805-4833-9569-25C6A554A41B} = {40227636-0181-4BD7-BA8A-CCB34DFDD6F4}
		{FDCF6E06-01B7-4B5C-8561-D3D2EAF61387} = {016C7E3B-0F77-4DC6-83C5-DA1904BE02BC}
		{A3D1545D-6D7D-42C7-9858-3F19E8404520} = {016C7E3B-0F77-4DC6-83C5-DA1904BE02BC}
		{F2B99587-351C-4E4D-A3DD-A9A60D6B08FC} = {016C7E3B-0F77-4DC6-83C5-DA1904BE02BC}
		{5E22A7B1-FBB6-42E7-BB9A-028AE738530D} = {40227636-0181-4BD7-BA8A-CCB34DFDD6F4}
	EndGlobalSection
EndGlobal
