
Microsoft Visual Studio Solution File, Format Version 12.00
Project("{FAE04EC0-301F-11D3-BF4B-00C04F79EFBC}") = "DarkDeeds.Communication", "DarkDeeds.Communication\DarkDeeds.Communication.csproj", "{4621D09A-C009-4E4E-A32E-BB3169343448}"
EndProject
Global
	GlobalSection(SolutionConfigurationPlatforms) = preSolution
		Debug|Any CPU = Debug|Any CPU
		Release|Any CPU = Release|Any CPU
	EndGlobalSection
	GlobalSection(ProjectConfigurationPlatforms) = postSolution
		{4621D09A-C009-4E4E-A32E-BB3169343448}.Debug|Any CPU.ActiveCfg = Debug|Any CPU
		{4621D09A-C009-4E4E-A32E-BB3169343448}.Debug|Any CPU.Build.0 = Debug|Any CPU
		{4621D09A-C009-4E4E-A32E-BB3169343448}.Release|Any CPU.ActiveCfg = Release|Any CPU
		{4621D09A-C009-4E4E-A32E-BB3169343448}.Release|Any CPU.Build.0 = Release|Any CPU
	EndGlobalSection
EndGlobal
