
Microsoft Visual Studio Solution File, Format Version 12.00
Project("{FAE04EC0-301F-11D3-BF4B-00C04F79EFBC}") = "DarkDeeds.AuthServiceApp.App", "DarkDeeds.AuthServiceApp.App\DarkDeeds.AuthServiceApp.App.csproj", "{B2400C5A-B511-4E76-A419-056115D169B6}"
EndProject
Project("{2150E333-8FDC-42A3-9474-1A3956D46DE8}") = "1 Entities", "1 Entities", "{CD620348-ECA1-465D-9163-2013E3EA0B32}"
EndProject
Project("{2150E333-8FDC-42A3-9474-1A3956D46DE8}") = "2 Services", "2 Services", "{F0F410C2-D181-4D45-A0BC-C86E98499E1C}"
EndProject
Project("{2150E333-8FDC-42A3-9474-1A3956D46DE8}") = "3 Frameworks", "3 Frameworks", "{E990B441-65EB-429A-9436-253640823912}"
EndProject
Project("{FAE04EC0-301F-11D3-BF4B-00C04F79EFBC}") = "DarkDeeds.AuthServiceApp.Services", "DarkDeeds.AuthServiceApp.Services\DarkDeeds.AuthServiceApp.Services.csproj", "{E53A9B47-A58F-467A-BDA2-228F6C393384}"
EndProject
Project("{2150E333-8FDC-42A3-9474-1A3956D46DE8}") = "4 Deps", "4 Deps", "{78E62EF9-278C-43D3-A53A-438EC46588AC}"
EndProject
Project("{FAE04EC0-301F-11D3-BF4B-00C04F79EFBC}") = "DarkDeeds.Authentication", "..\..\..\libs\DarkDeeds.Authentication\DarkDeeds.Authentication\DarkDeeds.Authentication.csproj", "{6C0354CE-6B4C-4E19-AEF3-A10ECF1F78C0}"
EndProject
Project("{FAE04EC0-301F-11D3-BF4B-00C04F79EFBC}") = "DarkDeeds.AuthServiceApp.Entities", "DarkDeeds.AuthServiceApp.Entities\DarkDeeds.AuthServiceApp.Entities.csproj", "{980DB714-1695-408F-80B0-44CB6A298364}"
EndProject
Project("{FAE04EC0-301F-11D3-BF4B-00C04F79EFBC}") = "DarkDeeds.AuthServiceApp.Data", "DarkDeeds.AuthServiceApp.Data\DarkDeeds.AuthServiceApp.Data.csproj", "{17E4490F-9686-4CE8-8158-8AF34E932F15}"
EndProject
Global
	GlobalSection(SolutionConfigurationPlatforms) = preSolution
		Debug|Any CPU = Debug|Any CPU
		Release|Any CPU = Release|Any CPU
	EndGlobalSection
	GlobalSection(ProjectConfigurationPlatforms) = postSolution
		{B2400C5A-B511-4E76-A419-056115D169B6}.Debug|Any CPU.ActiveCfg = Debug|Any CPU
		{B2400C5A-B511-4E76-A419-056115D169B6}.Debug|Any CPU.Build.0 = Debug|Any CPU
		{B2400C5A-B511-4E76-A419-056115D169B6}.Release|Any CPU.ActiveCfg = Release|Any CPU
		{B2400C5A-B511-4E76-A419-056115D169B6}.Release|Any CPU.Build.0 = Release|Any CPU
		{E53A9B47-A58F-467A-BDA2-228F6C393384}.Debug|Any CPU.ActiveCfg = Debug|Any CPU
		{E53A9B47-A58F-467A-BDA2-228F6C393384}.Debug|Any CPU.Build.0 = Debug|Any CPU
		{E53A9B47-A58F-467A-BDA2-228F6C393384}.Release|Any CPU.ActiveCfg = Release|Any CPU
		{E53A9B47-A58F-467A-BDA2-228F6C393384}.Release|Any CPU.Build.0 = Release|Any CPU
		{6C0354CE-6B4C-4E19-AEF3-A10ECF1F78C0}.Debug|Any CPU.ActiveCfg = Debug|Any CPU
		{6C0354CE-6B4C-4E19-AEF3-A10ECF1F78C0}.Debug|Any CPU.Build.0 = Debug|Any CPU
		{6C0354CE-6B4C-4E19-AEF3-A10ECF1F78C0}.Release|Any CPU.ActiveCfg = Release|Any CPU
		{6C0354CE-6B4C-4E19-AEF3-A10ECF1F78C0}.Release|Any CPU.Build.0 = Release|Any CPU
		{980DB714-1695-408F-80B0-44CB6A298364}.Debug|Any CPU.ActiveCfg = Debug|Any CPU
		{980DB714-1695-408F-80B0-44CB6A298364}.Debug|Any CPU.Build.0 = Debug|Any CPU
		{980DB714-1695-408F-80B0-44CB6A298364}.Release|Any CPU.ActiveCfg = Release|Any CPU
		{980DB714-1695-408F-80B0-44CB6A298364}.Release|Any CPU.Build.0 = Release|Any CPU
		{17E4490F-9686-4CE8-8158-8AF34E932F15}.Debug|Any CPU.ActiveCfg = Debug|Any CPU
		{17E4490F-9686-4CE8-8158-8AF34E932F15}.Debug|Any CPU.Build.0 = Debug|Any CPU
		{17E4490F-9686-4CE8-8158-8AF34E932F15}.Release|Any CPU.ActiveCfg = Release|Any CPU
		{17E4490F-9686-4CE8-8158-8AF34E932F15}.Release|Any CPU.Build.0 = Release|Any CPU
	EndGlobalSection
	GlobalSection(NestedProjects) = preSolution
		{B2400C5A-B511-4E76-A419-056115D169B6} = {E990B441-65EB-429A-9436-253640823912}
		{E53A9B47-A58F-467A-BDA2-228F6C393384} = {F0F410C2-D181-4D45-A0BC-C86E98499E1C}
		{6C0354CE-6B4C-4E19-AEF3-A10ECF1F78C0} = {78E62EF9-278C-43D3-A53A-438EC46588AC}
		{980DB714-1695-408F-80B0-44CB6A298364} = {CD620348-ECA1-465D-9163-2013E3EA0B32}
		{17E4490F-9686-4CE8-8158-8AF34E932F15} = {E990B441-65EB-429A-9436-253640823912}
	EndGlobalSection
EndGlobal
