
Microsoft Visual Studio Solution File, Format Version 12.00
Project("{FAE04EC0-301F-11D3-BF4B-00C04F79EFBC}") = "DD.ServiceTask.Tests.Unit", "DD.ServiceTask.Tests.Unit\DD.ServiceTask.Tests.Unit.csproj", "{D36A64F8-9C2B-4508-94A7-9E402306A302}"
EndProject
Project("{FAE04EC0-301F-11D3-BF4B-00C04F79EFBC}") = "DD.Shared.Web", "DD.Shared.Web\DD.Shared.Web.csproj", "{BFDE6CC0-5731-4DB7-BF7A-17CB20D81EBD}"
EndProject
Project("{FAE04EC0-301F-11D3-BF4B-00C04F79EFBC}") = "DD.App", "DD.App\DD.App.csproj", "{03FCA965-B1C5-499D-8507-B11B977B1CC0}"
EndProject
Project("{FAE04EC0-301F-11D3-BF4B-00C04F79EFBC}") = "DD.ServiceTask.Domain", "DD.ServiceTask.Domain\DD.ServiceTask.Domain.csproj", "{F1F64604-1D74-41BE-B46F-3F74F5AFB945}"
EndProject
Project("{2150E333-8FDC-42A3-9474-1A3956D46DE8}") = "TelegramClient", "TelegramClient", "{849340E3-1AC6-42D9-92F7-B3FD96EA155F}"
EndProject
Project("{FAE04EC0-301F-11D3-BF4B-00C04F79EFBC}") = "DD.Shared.Data", "DD.Shared.Data\DD.Shared.Data.csproj", "{36416921-79E0-4AC4-98DE-83655105F02B}"
EndProject
Project("{FAE04EC0-301F-11D3-BF4B-00C04F79EFBC}") = "DD.TelegramClient.Domain", "DD.TelegramClient.Domain\DD.TelegramClient.Domain.csproj", "{72AE4251-BEAD-4B4B-8543-92F31AE6171B}"
EndProject
Project("{FAE04EC0-301F-11D3-BF4B-00C04F79EFBC}") = "DD.TelegramClient.Details", "DD.TelegramClient.Details\DD.TelegramClient.Details.csproj", "{14CF6DED-EA61-48C4-86BE-1464D6463A1F}"
EndProject
Project("{FAE04EC0-301F-11D3-BF4B-00C04F79EFBC}") = "DD.TelegramClient.Tests.Unit", "DD.TelegramClient.Tests.Unit\DD.TelegramClient.Tests.Unit.csproj", "{7A82D954-B4AF-42BC-AB67-FA2696C6D301}"
EndProject
Project("{2150E333-8FDC-42A3-9474-1A3956D46DE8}") = "WebClientBff", "WebClientBff", "{B4E3C806-D6AD-4979-8197-342C6DA54DFA}"
EndProject
Project("{FAE04EC0-301F-11D3-BF4B-00C04F79EFBC}") = "DD.WebClientBff.Domain", "DD.WebClientBff.Domain\DD.WebClientBff.Domain.csproj", "{8DEA1041-AB25-4E82-9929-42538F09D0F0}"
EndProject
Project("{FAE04EC0-301F-11D3-BF4B-00C04F79EFBC}") = "DD.WebClientBff.Details", "DD.WebClientBff.Details\DD.WebClientBff.Details.csproj", "{7DEF8BC8-BE7B-4656-80E2-F5A522B04D69}"
EndProject
Project("{2150E333-8FDC-42A3-9474-1A3956D46DE8}") = "Shared", "Shared", "{FE1BCB8C-DA01-47C3-B4A7-211D629372F6}"
EndProject
Project("{2150E333-8FDC-42A3-9474-1A3956D46DE8}") = "ServiceAuth", "ServiceAuth", "{C543B330-1DE5-434C-B77B-864AD37D06B0}"
EndProject
Project("{FAE04EC0-301F-11D3-BF4B-00C04F79EFBC}") = "DD.ServiceAuth.Domain", "DD.ServiceAuth.Domain\DD.ServiceAuth.Domain.csproj", "{370F13E6-E790-40F9-9CA7-E443100E5927}"
EndProject
Project("{2150E333-8FDC-42A3-9474-1A3956D46DE8}") = "ServiceTask", "ServiceTask", "{A33124ED-B174-4D82-B0C6-C1CEE1D269F7}"
EndProject
Project("{FAE04EC0-301F-11D3-BF4B-00C04F79EFBC}") = "DD.ServiceAuth.Details", "DD.ServiceAuth.Details\DD.ServiceAuth.Details.csproj", "{72429538-A679-45B4-9BE2-D698EF38D3BF}"
EndProject
Project("{FAE04EC0-301F-11D3-BF4B-00C04F79EFBC}") = "DD.ServiceTask.Details", "DD.ServiceTask.Details\DD.ServiceTask.Details.csproj", "{08BBF7E8-1E4D-4A91-BA31-B734BE7EEF9C}"
EndProject
Project("{FAE04EC0-301F-11D3-BF4B-00C04F79EFBC}") = "DD.Shared.Auth", "DD.Shared.Auth\DD.Shared.Auth.csproj", "{605FC079-0BA9-4606-A794-4AED88AB6A14}"
EndProject
Project("{FAE04EC0-301F-11D3-BF4B-00C04F79EFBC}") = "DD.Shared.Data.Abstractions", "DD.Shared.Data.Abstractions\DD.Shared.Data.Abstractions.csproj", "{4EFC1BF4-3D30-462E-9734-41434186FDDA}"
EndProject
Global
	GlobalSection(SolutionConfigurationPlatforms) = preSolution
		Debug|Any CPU = Debug|Any CPU
		Release|Any CPU = Release|Any CPU
	EndGlobalSection
	GlobalSection(ProjectConfigurationPlatforms) = postSolution
		{D36A64F8-9C2B-4508-94A7-9E402306A302}.Debug|Any CPU.ActiveCfg = Debug|Any CPU
		{D36A64F8-9C2B-4508-94A7-9E402306A302}.Debug|Any CPU.Build.0 = Debug|Any CPU
		{D36A64F8-9C2B-4508-94A7-9E402306A302}.Release|Any CPU.ActiveCfg = Release|Any CPU
		{D36A64F8-9C2B-4508-94A7-9E402306A302}.Release|Any CPU.Build.0 = Release|Any CPU
		{BFDE6CC0-5731-4DB7-BF7A-17CB20D81EBD}.Debug|Any CPU.ActiveCfg = Debug|Any CPU
		{BFDE6CC0-5731-4DB7-BF7A-17CB20D81EBD}.Debug|Any CPU.Build.0 = Debug|Any CPU
		{BFDE6CC0-5731-4DB7-BF7A-17CB20D81EBD}.Release|Any CPU.ActiveCfg = Release|Any CPU
		{BFDE6CC0-5731-4DB7-BF7A-17CB20D81EBD}.Release|Any CPU.Build.0 = Release|Any CPU
		{03FCA965-B1C5-499D-8507-B11B977B1CC0}.Debug|Any CPU.ActiveCfg = Debug|Any CPU
		{03FCA965-B1C5-499D-8507-B11B977B1CC0}.Debug|Any CPU.Build.0 = Debug|Any CPU
		{03FCA965-B1C5-499D-8507-B11B977B1CC0}.Release|Any CPU.ActiveCfg = Release|Any CPU
		{03FCA965-B1C5-499D-8507-B11B977B1CC0}.Release|Any CPU.Build.0 = Release|Any CPU
		{F1F64604-1D74-41BE-B46F-3F74F5AFB945}.Debug|Any CPU.ActiveCfg = Debug|Any CPU
		{F1F64604-1D74-41BE-B46F-3F74F5AFB945}.Debug|Any CPU.Build.0 = Debug|Any CPU
		{F1F64604-1D74-41BE-B46F-3F74F5AFB945}.Release|Any CPU.ActiveCfg = Release|Any CPU
		{F1F64604-1D74-41BE-B46F-3F74F5AFB945}.Release|Any CPU.Build.0 = Release|Any CPU
		{36416921-79E0-4AC4-98DE-83655105F02B}.Debug|Any CPU.ActiveCfg = Debug|Any CPU
		{36416921-79E0-4AC4-98DE-83655105F02B}.Debug|Any CPU.Build.0 = Debug|Any CPU
		{36416921-79E0-4AC4-98DE-83655105F02B}.Release|Any CPU.ActiveCfg = Release|Any CPU
		{36416921-79E0-4AC4-98DE-83655105F02B}.Release|Any CPU.Build.0 = Release|Any CPU
		{72AE4251-BEAD-4B4B-8543-92F31AE6171B}.Debug|Any CPU.ActiveCfg = Debug|Any CPU
		{72AE4251-BEAD-4B4B-8543-92F31AE6171B}.Debug|Any CPU.Build.0 = Debug|Any CPU
		{72AE4251-BEAD-4B4B-8543-92F31AE6171B}.Release|Any CPU.ActiveCfg = Release|Any CPU
		{72AE4251-BEAD-4B4B-8543-92F31AE6171B}.Release|Any CPU.Build.0 = Release|Any CPU
		{14CF6DED-EA61-48C4-86BE-1464D6463A1F}.Debug|Any CPU.ActiveCfg = Debug|Any CPU
		{14CF6DED-EA61-48C4-86BE-1464D6463A1F}.Debug|Any CPU.Build.0 = Debug|Any CPU
		{14CF6DED-EA61-48C4-86BE-1464D6463A1F}.Release|Any CPU.ActiveCfg = Release|Any CPU
		{14CF6DED-EA61-48C4-86BE-1464D6463A1F}.Release|Any CPU.Build.0 = Release|Any CPU
		{7A82D954-B4AF-42BC-AB67-FA2696C6D301}.Debug|Any CPU.ActiveCfg = Debug|Any CPU
		{7A82D954-B4AF-42BC-AB67-FA2696C6D301}.Debug|Any CPU.Build.0 = Debug|Any CPU
		{7A82D954-B4AF-42BC-AB67-FA2696C6D301}.Release|Any CPU.ActiveCfg = Release|Any CPU
		{7A82D954-B4AF-42BC-AB67-FA2696C6D301}.Release|Any CPU.Build.0 = Release|Any CPU
		{8DEA1041-AB25-4E82-9929-42538F09D0F0}.Debug|Any CPU.ActiveCfg = Debug|Any CPU
		{8DEA1041-AB25-4E82-9929-42538F09D0F0}.Debug|Any CPU.Build.0 = Debug|Any CPU
		{8DEA1041-AB25-4E82-9929-42538F09D0F0}.Release|Any CPU.ActiveCfg = Release|Any CPU
		{8DEA1041-AB25-4E82-9929-42538F09D0F0}.Release|Any CPU.Build.0 = Release|Any CPU
		{7DEF8BC8-BE7B-4656-80E2-F5A522B04D69}.Debug|Any CPU.ActiveCfg = Debug|Any CPU
		{7DEF8BC8-BE7B-4656-80E2-F5A522B04D69}.Debug|Any CPU.Build.0 = Debug|Any CPU
		{7DEF8BC8-BE7B-4656-80E2-F5A522B04D69}.Release|Any CPU.ActiveCfg = Release|Any CPU
		{7DEF8BC8-BE7B-4656-80E2-F5A522B04D69}.Release|Any CPU.Build.0 = Release|Any CPU
		{370F13E6-E790-40F9-9CA7-E443100E5927}.Debug|Any CPU.ActiveCfg = Debug|Any CPU
		{370F13E6-E790-40F9-9CA7-E443100E5927}.Debug|Any CPU.Build.0 = Debug|Any CPU
		{370F13E6-E790-40F9-9CA7-E443100E5927}.Release|Any CPU.ActiveCfg = Release|Any CPU
		{370F13E6-E790-40F9-9CA7-E443100E5927}.Release|Any CPU.Build.0 = Release|Any CPU
		{72429538-A679-45B4-9BE2-D698EF38D3BF}.Debug|Any CPU.ActiveCfg = Debug|Any CPU
		{72429538-A679-45B4-9BE2-D698EF38D3BF}.Debug|Any CPU.Build.0 = Debug|Any CPU
		{72429538-A679-45B4-9BE2-D698EF38D3BF}.Release|Any CPU.ActiveCfg = Release|Any CPU
		{72429538-A679-45B4-9BE2-D698EF38D3BF}.Release|Any CPU.Build.0 = Release|Any CPU
		{08BBF7E8-1E4D-4A91-BA31-B734BE7EEF9C}.Debug|Any CPU.ActiveCfg = Debug|Any CPU
		{08BBF7E8-1E4D-4A91-BA31-B734BE7EEF9C}.Debug|Any CPU.Build.0 = Debug|Any CPU
		{08BBF7E8-1E4D-4A91-BA31-B734BE7EEF9C}.Release|Any CPU.ActiveCfg = Release|Any CPU
		{08BBF7E8-1E4D-4A91-BA31-B734BE7EEF9C}.Release|Any CPU.Build.0 = Release|Any CPU
		{605FC079-0BA9-4606-A794-4AED88AB6A14}.Debug|Any CPU.ActiveCfg = Debug|Any CPU
		{605FC079-0BA9-4606-A794-4AED88AB6A14}.Debug|Any CPU.Build.0 = Debug|Any CPU
		{605FC079-0BA9-4606-A794-4AED88AB6A14}.Release|Any CPU.ActiveCfg = Release|Any CPU
		{605FC079-0BA9-4606-A794-4AED88AB6A14}.Release|Any CPU.Build.0 = Release|Any CPU
		{4EFC1BF4-3D30-462E-9734-41434186FDDA}.Debug|Any CPU.ActiveCfg = Debug|Any CPU
		{4EFC1BF4-3D30-462E-9734-41434186FDDA}.Debug|Any CPU.Build.0 = Debug|Any CPU
		{4EFC1BF4-3D30-462E-9734-41434186FDDA}.Release|Any CPU.ActiveCfg = Release|Any CPU
		{4EFC1BF4-3D30-462E-9734-41434186FDDA}.Release|Any CPU.Build.0 = Release|Any CPU
	EndGlobalSection
	GlobalSection(NestedProjects) = preSolution
		{72AE4251-BEAD-4B4B-8543-92F31AE6171B} = {849340E3-1AC6-42D9-92F7-B3FD96EA155F}
		{14CF6DED-EA61-48C4-86BE-1464D6463A1F} = {849340E3-1AC6-42D9-92F7-B3FD96EA155F}
		{7A82D954-B4AF-42BC-AB67-FA2696C6D301} = {849340E3-1AC6-42D9-92F7-B3FD96EA155F}
		{8DEA1041-AB25-4E82-9929-42538F09D0F0} = {B4E3C806-D6AD-4979-8197-342C6DA54DFA}
		{7DEF8BC8-BE7B-4656-80E2-F5A522B04D69} = {B4E3C806-D6AD-4979-8197-342C6DA54DFA}
		{370F13E6-E790-40F9-9CA7-E443100E5927} = {C543B330-1DE5-434C-B77B-864AD37D06B0}
		{F1F64604-1D74-41BE-B46F-3F74F5AFB945} = {A33124ED-B174-4D82-B0C6-C1CEE1D269F7}
		{D36A64F8-9C2B-4508-94A7-9E402306A302} = {A33124ED-B174-4D82-B0C6-C1CEE1D269F7}
		{72429538-A679-45B4-9BE2-D698EF38D3BF} = {C543B330-1DE5-434C-B77B-864AD37D06B0}
		{08BBF7E8-1E4D-4A91-BA31-B734BE7EEF9C} = {A33124ED-B174-4D82-B0C6-C1CEE1D269F7}
		{BFDE6CC0-5731-4DB7-BF7A-17CB20D81EBD} = {FE1BCB8C-DA01-47C3-B4A7-211D629372F6}
		{605FC079-0BA9-4606-A794-4AED88AB6A14} = {FE1BCB8C-DA01-47C3-B4A7-211D629372F6}
		{36416921-79E0-4AC4-98DE-83655105F02B} = {FE1BCB8C-DA01-47C3-B4A7-211D629372F6}
		{4EFC1BF4-3D30-462E-9734-41434186FDDA} = {FE1BCB8C-DA01-47C3-B4A7-211D629372F6}
	EndGlobalSection
EndGlobal
