
Microsoft Visual Studio Solution File, Format Version 12.00
Project("{FAE04EC0-301F-11D3-BF4B-00C04F79EFBC}") = "DD.App", "DD.App\DD.App.csproj", "{03FCA965-B1C5-499D-8507-B11B977B1CC0}"
EndProject
Project("{FAE04EC0-301F-11D3-BF4B-00C04F79EFBC}") = "DD.ServiceTask.Domain", "DD.ServiceTask.Domain\DD.ServiceTask.Domain.csproj", "{F1F64604-1D74-41BE-B46F-3F74F5AFB945}"
EndProject
Project("{FAE04EC0-301F-11D3-BF4B-00C04F79EFBC}") = "DD.TelegramClient.Domain", "DD.TelegramClient.Domain\DD.TelegramClient.Domain.csproj", "{72AE4251-BEAD-4B4B-8543-92F31AE6171B}"
EndProject
Project("{FAE04EC0-301F-11D3-BF4B-00C04F79EFBC}") = "DD.WebClientBff.Domain", "DD.WebClientBff.Domain\DD.WebClientBff.Domain.csproj", "{8DEA1041-AB25-4E82-9929-42538F09D0F0}"
EndProject
Project("{2150E333-8FDC-42A3-9474-1A3956D46DE8}") = "Shared", "Shared", "{FE1BCB8C-DA01-47C3-B4A7-211D629372F6}"
EndProject
Project("{2150E333-8FDC-42A3-9474-1A3956D46DE8}") = "ServiceAuth", "ServiceAuth", "{C543B330-1DE5-434C-B77B-864AD37D06B0}"
EndProject
Project("{FAE04EC0-301F-11D3-BF4B-00C04F79EFBC}") = "DD.ServiceAuth.Domain", "DD.ServiceAuth.Domain\DD.ServiceAuth.Domain.csproj", "{370F13E6-E790-40F9-9CA7-E443100E5927}"
EndProject
Project("{2150E333-8FDC-42A3-9474-1A3956D46DE8}") = "ServiceTask", "ServiceTask", "{A33124ED-B174-4D82-B0C6-C1CEE1D269F7}"
EndProject
Project("{FAE04EC0-301F-11D3-BF4B-00C04F79EFBC}") = "DD.ServiceAuth.Details", "DD.ServiceAuth.Details\DD.ServiceAuth.Details.csproj", "{72429538-A679-45B4-9BE2-D698EF38D3BF}"
EndProject
Project("{FAE04EC0-301F-11D3-BF4B-00C04F79EFBC}") = "DD.ServiceTask.Details", "DD.ServiceTask.Details\DD.ServiceTask.Details.csproj", "{08BBF7E8-1E4D-4A91-BA31-B734BE7EEF9C}"
EndProject
Project("{FAE04EC0-301F-11D3-BF4B-00C04F79EFBC}") = "DD.Shared.Data.Migrator", "DD.Shared.Data.Migrator\DD.Shared.Data.Migrator.csproj", "{2DD6BC59-D402-48A3-AFD6-D83EE246C27F}"
EndProject
Project("{FAE04EC0-301F-11D3-BF4B-00C04F79EFBC}") = "DD.MobileClient.Domain", "DD.MobileClient.Domain\DD.MobileClient.Domain.csproj", "{2A2A3CC9-8FDC-43F8-A8D6-802A99FFBB60}"
EndProject
Project("{FAE04EC0-301F-11D3-BF4B-00C04F79EFBC}") = "DD.Shared.Details.Abstractions", "DD.Shared.Details.Abstractions\DD.Shared.Details.Abstractions.csproj", "{65A4B3A6-A4F5-4EA8-8C58-1B0D248A7FB9}"
EndProject
Project("{FAE04EC0-301F-11D3-BF4B-00C04F79EFBC}") = "DD.Shared.Details", "DD.Shared.Details\DD.Shared.Details.csproj", "{53A164F6-3E64-40C5-AD76-1BC18D1C0413}"
EndProject
Project("{2150E333-8FDC-42A3-9474-1A3956D46DE8}") = "Clients", "Clients", "{47EECFB5-C28C-431C-A80C-E6BC7B12B6B0}"
EndProject
Project("{FAE04EC0-301F-11D3-BF4B-00C04F79EFBC}") = "DD.Tests.Unit", "DD.Tests.Unit\DD.Tests.Unit.csproj", "{C2638503-9AB6-40ED-ADA1-4DD2770D7A9F}"
EndProject
Project("{2150E333-8FDC-42A3-9474-1A3956D46DE8}") = "Tests", "Tests", "{C7B836FA-0CDF-41DE-A6F3-D0EB1CE4552E}"
EndProject
Project("{2150E333-8FDC-42A3-9474-1A3956D46DE8}") = "_Solution Items", "_Solution Items", "{B20DF4A5-5318-40F6-928C-E97305032298}"
	ProjectSection(SolutionItems) = preProject
		Directory.Packages.props = Directory.Packages.props
		Directory.Build.props = Directory.Build.props
		..\..\.editorconfig = ..\..\.editorconfig
		..\..\ci\apps\app.dockerfile = ..\..\ci\apps\app.dockerfile
		global.json = global.json
	EndProjectSection
EndProject
Project("{FAE04EC0-301F-11D3-BF4B-00C04F79EFBC}") = "DD.Clients.Details", "DD.Clients.Details\DD.Clients.Details.csproj", "{48319E62-55CF-4DA8-8B8A-FA4713CD065E}"
EndProject
Project("{FAE04EC0-301F-11D3-BF4B-00C04F79EFBC}") = "DD.McpClient.Domain", "DD.McpClient.Domain\DD.McpClient.Domain.csproj", "{FE56F651-B409-4BFA-9230-EE2B07E807FE}"
EndProject
Global
	GlobalSection(SolutionConfigurationPlatforms) = preSolution
		Debug|Any CPU = Debug|Any CPU
		Release|Any CPU = Release|Any CPU
	EndGlobalSection
	GlobalSection(ProjectConfigurationPlatforms) = postSolution
		{03FCA965-B1C5-499D-8507-B11B977B1CC0}.Debug|Any CPU.ActiveCfg = Debug|Any CPU
		{03FCA965-B1C5-499D-8507-B11B977B1CC0}.Debug|Any CPU.Build.0 = Debug|Any CPU
		{03FCA965-B1C5-499D-8507-B11B977B1CC0}.Release|Any CPU.ActiveCfg = Release|Any CPU
		{03FCA965-B1C5-499D-8507-B11B977B1CC0}.Release|Any CPU.Build.0 = Release|Any CPU
		{F1F64604-1D74-41BE-B46F-3F74F5AFB945}.Debug|Any CPU.ActiveCfg = Debug|Any CPU
		{F1F64604-1D74-41BE-B46F-3F74F5AFB945}.Debug|Any CPU.Build.0 = Debug|Any CPU
		{F1F64604-1D74-41BE-B46F-3F74F5AFB945}.Release|Any CPU.ActiveCfg = Release|Any CPU
		{F1F64604-1D74-41BE-B46F-3F74F5AFB945}.Release|Any CPU.Build.0 = Release|Any CPU
		{72AE4251-BEAD-4B4B-8543-92F31AE6171B}.Debug|Any CPU.ActiveCfg = Debug|Any CPU
		{72AE4251-BEAD-4B4B-8543-92F31AE6171B}.Debug|Any CPU.Build.0 = Debug|Any CPU
		{72AE4251-BEAD-4B4B-8543-92F31AE6171B}.Release|Any CPU.ActiveCfg = Release|Any CPU
		{72AE4251-BEAD-4B4B-8543-92F31AE6171B}.Release|Any CPU.Build.0 = Release|Any CPU
		{8DEA1041-AB25-4E82-9929-42538F09D0F0}.Debug|Any CPU.ActiveCfg = Debug|Any CPU
		{8DEA1041-AB25-4E82-9929-42538F09D0F0}.Debug|Any CPU.Build.0 = Debug|Any CPU
		{8DEA1041-AB25-4E82-9929-42538F09D0F0}.Release|Any CPU.ActiveCfg = Release|Any CPU
		{8DEA1041-AB25-4E82-9929-42538F09D0F0}.Release|Any CPU.Build.0 = Release|Any CPU
		{370F13E6-E790-40F9-9CA7-E443100E5927}.Debug|Any CPU.ActiveCfg = Debug|Any CPU
		{370F13E6-E790-40F9-9CA7-E443100E5927}.Debug|Any CPU.Build.0 = Debug|Any CPU
		{370F13E6-E790-40F9-9CA7-E443100E5927}.Release|Any CPU.ActiveCfg = Release|Any CPU
		{370F13E6-E790-40F9-9CA7-E443100E5927}.Release|Any CPU.Build.0 = Release|Any CPU
		{72429538-A679-45B4-9BE2-D698EF38D3BF}.Debug|Any CPU.ActiveCfg = Debug|Any CPU
		{72429538-A679-45B4-9BE2-D698EF38D3BF}.Debug|Any CPU.Build.0 = Debug|Any CPU
		{72429538-A679-45B4-9BE2-D698EF38D3BF}.Release|Any CPU.ActiveCfg = Release|Any CPU
		{72429538-A679-45B4-9BE2-D698EF38D3BF}.Release|Any CPU.Build.0 = Release|Any CPU
		{08BBF7E8-1E4D-4A91-BA31-B734BE7EEF9C}.Debug|Any CPU.ActiveCfg = Debug|Any CPU
		{08BBF7E8-1E4D-4A91-BA31-B734BE7EEF9C}.Debug|Any CPU.Build.0 = Debug|Any CPU
		{08BBF7E8-1E4D-4A91-BA31-B734BE7EEF9C}.Release|Any CPU.ActiveCfg = Release|Any CPU
		{08BBF7E8-1E4D-4A91-BA31-B734BE7EEF9C}.Release|Any CPU.Build.0 = Release|Any CPU
		{2DD6BC59-D402-48A3-AFD6-D83EE246C27F}.Debug|Any CPU.ActiveCfg = Debug|Any CPU
		{2DD6BC59-D402-48A3-AFD6-D83EE246C27F}.Debug|Any CPU.Build.0 = Debug|Any CPU
		{2DD6BC59-D402-48A3-AFD6-D83EE246C27F}.Release|Any CPU.ActiveCfg = Release|Any CPU
		{2DD6BC59-D402-48A3-AFD6-D83EE246C27F}.Release|Any CPU.Build.0 = Release|Any CPU
		{2A2A3CC9-8FDC-43F8-A8D6-802A99FFBB60}.Debug|Any CPU.ActiveCfg = Debug|Any CPU
		{2A2A3CC9-8FDC-43F8-A8D6-802A99FFBB60}.Debug|Any CPU.Build.0 = Debug|Any CPU
		{2A2A3CC9-8FDC-43F8-A8D6-802A99FFBB60}.Release|Any CPU.ActiveCfg = Release|Any CPU
		{2A2A3CC9-8FDC-43F8-A8D6-802A99FFBB60}.Release|Any CPU.Build.0 = Release|Any CPU
		{65A4B3A6-A4F5-4EA8-8C58-1B0D248A7FB9}.Debug|Any CPU.ActiveCfg = Debug|Any CPU
		{65A4B3A6-A4F5-4EA8-8C58-1B0D248A7FB9}.Debug|Any CPU.Build.0 = Debug|Any CPU
		{65A4B3A6-A4F5-4EA8-8C58-1B0D248A7FB9}.Release|Any CPU.ActiveCfg = Release|Any CPU
		{65A4B3A6-A4F5-4EA8-8C58-1B0D248A7FB9}.Release|Any CPU.Build.0 = Release|Any CPU
		{53A164F6-3E64-40C5-AD76-1BC18D1C0413}.Debug|Any CPU.ActiveCfg = Debug|Any CPU
		{53A164F6-3E64-40C5-AD76-1BC18D1C0413}.Debug|Any CPU.Build.0 = Debug|Any CPU
		{53A164F6-3E64-40C5-AD76-1BC18D1C0413}.Release|Any CPU.ActiveCfg = Release|Any CPU
		{53A164F6-3E64-40C5-AD76-1BC18D1C0413}.Release|Any CPU.Build.0 = Release|Any CPU
		{C2638503-9AB6-40ED-ADA1-4DD2770D7A9F}.Debug|Any CPU.ActiveCfg = Debug|Any CPU
		{C2638503-9AB6-40ED-ADA1-4DD2770D7A9F}.Debug|Any CPU.Build.0 = Debug|Any CPU
		{C2638503-9AB6-40ED-ADA1-4DD2770D7A9F}.Release|Any CPU.ActiveCfg = Release|Any CPU
		{C2638503-9AB6-40ED-ADA1-4DD2770D7A9F}.Release|Any CPU.Build.0 = Release|Any CPU
		{48319E62-55CF-4DA8-8B8A-FA4713CD065E}.Debug|Any CPU.ActiveCfg = Debug|Any CPU
		{48319E62-55CF-4DA8-8B8A-FA4713CD065E}.Debug|Any CPU.Build.0 = Debug|Any CPU
		{48319E62-55CF-4DA8-8B8A-FA4713CD065E}.Release|Any CPU.ActiveCfg = Release|Any CPU
		{48319E62-55CF-4DA8-8B8A-FA4713CD065E}.Release|Any CPU.Build.0 = Release|Any CPU
		{FE56F651-B409-4BFA-9230-EE2B07E807FE}.Debug|Any CPU.ActiveCfg = Debug|Any CPU
		{FE56F651-B409-4BFA-9230-EE2B07E807FE}.Debug|Any CPU.Build.0 = Debug|Any CPU
		{FE56F651-B409-4BFA-9230-EE2B07E807FE}.Release|Any CPU.ActiveCfg = Release|Any CPU
		{FE56F651-B409-4BFA-9230-EE2B07E807FE}.Release|Any CPU.Build.0 = Release|Any CPU
	EndGlobalSection
	GlobalSection(NestedProjects) = preSolution
		{370F13E6-E790-40F9-9CA7-E443100E5927} = {C543B330-1DE5-434C-B77B-864AD37D06B0}
		{F1F64604-1D74-41BE-B46F-3F74F5AFB945} = {A33124ED-B174-4D82-B0C6-C1CEE1D269F7}
		{72429538-A679-45B4-9BE2-D698EF38D3BF} = {C543B330-1DE5-434C-B77B-864AD37D06B0}
		{08BBF7E8-1E4D-4A91-BA31-B734BE7EEF9C} = {A33124ED-B174-4D82-B0C6-C1CEE1D269F7}
		{2DD6BC59-D402-48A3-AFD6-D83EE246C27F} = {FE1BCB8C-DA01-47C3-B4A7-211D629372F6}
		{65A4B3A6-A4F5-4EA8-8C58-1B0D248A7FB9} = {FE1BCB8C-DA01-47C3-B4A7-211D629372F6}
		{53A164F6-3E64-40C5-AD76-1BC18D1C0413} = {FE1BCB8C-DA01-47C3-B4A7-211D629372F6}
		{2A2A3CC9-8FDC-43F8-A8D6-802A99FFBB60} = {47EECFB5-C28C-431C-A80C-E6BC7B12B6B0}
		{72AE4251-BEAD-4B4B-8543-92F31AE6171B} = {47EECFB5-C28C-431C-A80C-E6BC7B12B6B0}
		{8DEA1041-AB25-4E82-9929-42538F09D0F0} = {47EECFB5-C28C-431C-A80C-E6BC7B12B6B0}
		{C2638503-9AB6-40ED-ADA1-4DD2770D7A9F} = {C7B836FA-0CDF-41DE-A6F3-D0EB1CE4552E}
		{48319E62-55CF-4DA8-8B8A-FA4713CD065E} = {47EECFB5-C28C-431C-A80C-E6BC7B12B6B0}
		{FE56F651-B409-4BFA-9230-EE2B07E807FE} = {47EECFB5-C28C-431C-A80C-E6BC7B12B6B0}
	EndGlobalSection
EndGlobal
