
Microsoft Visual Studio Solution File, Format Version 12.00
Project("{FAE04EC0-301F-11D3-BF4B-00C04F79EFBC}") = "DarkDeeds.ApiGateway.App", "DarkDeeds.ApiGateway.App\DarkDeeds.ApiGateway.App.csproj", "{726DD25B-2FCB-4ADA-838D-A5B40D876E12}"
EndProject
Project("{2150E333-8FDC-42A3-9474-1A3956D46DE8}") = "ApiGateway", "ApiGateway", "{AC52881E-7538-4172-B3B8-2F57EC7CAA8E}"
EndProject
Project("{2150E333-8FDC-42A3-9474-1A3956D46DE8}") = "ServiceAuth", "ServiceAuth", "{2E7C4CF3-EB8F-4660-A1EF-D64695FFDE02}"
EndProject
Project("{2150E333-8FDC-42A3-9474-1A3956D46DE8}") = "1 Entities", "1 Entities", "{C1FA1A6A-11ED-48F4-8629-6EF2F84511CB}"
EndProject
Project("{FAE04EC0-301F-11D3-BF4B-00C04F79EFBC}") = "DarkDeeds.ServiceAuth.Entities", "DarkDeeds.ServiceAuth.Entities\DarkDeeds.ServiceAuth.Entities.csproj", "{72D35FCC-31AE-4D28-9760-FAFB8EB3A846}"
EndProject
Project("{2150E333-8FDC-42A3-9474-1A3956D46DE8}") = "Platform", "Platform", "{2360FC78-20CC-4031-8E89-4D291F94E7E1}"
EndProject
Project("{FAE04EC0-301F-11D3-BF4B-00C04F79EFBC}") = "DarkDeeds.Common", "DarkDeeds.Common\DarkDeeds.Common.csproj", "{66ABB7BF-BD71-4511-BEB5-68739838D383}"
EndProject
Project("{FAE04EC0-301F-11D3-BF4B-00C04F79EFBC}") = "DarkDeeds.Communication", "DarkDeeds.Communication\DarkDeeds.Communication.csproj", "{C6896D1B-DC4E-4170-BF82-884CADFF32D5}"
EndProject
Project("{FAE04EC0-301F-11D3-BF4B-00C04F79EFBC}") = "DarkDeeds.Authentication.Core", "DarkDeeds.Authentication.Core\DarkDeeds.Authentication.Core.csproj", "{DC009582-7190-4FCD-9AA3-667A1D8B55B6}"
EndProject
Project("{FAE04EC0-301F-11D3-BF4B-00C04F79EFBC}") = "DarkDeeds.Authentication", "DarkDeeds.Authentication\DarkDeeds.Authentication.csproj", "{7D799D64-3B71-49DE-8E21-EC83497A7A26}"
EndProject
Project("{2150E333-8FDC-42A3-9474-1A3956D46DE8}") = "2 Services", "2 Services", "{E03FB25D-A5FC-4920-B0B6-23E24F5A3C9F}"
EndProject
Project("{FAE04EC0-301F-11D3-BF4B-00C04F79EFBC}") = "DarkDeeds.ServiceAuth.Services", "DarkDeeds.ServiceAuth.Services\DarkDeeds.ServiceAuth.Services.csproj", "{D1EA6363-BF52-4EBE-8AE4-A28B40EAA7DD}"
EndProject
Project("{2150E333-8FDC-42A3-9474-1A3956D46DE8}") = "3 gRPC", "3 gRPC", "{596B6D79-866C-4A62-92CB-94018277DB58}"
EndProject
Project("{FAE04EC0-301F-11D3-BF4B-00C04F79EFBC}") = "DarkDeeds.ServiceAuth.Contract", "DarkDeeds.ServiceAuth.Contract\DarkDeeds.ServiceAuth.Contract.csproj", "{4A4A97C3-C13F-4226-8B92-7AF180991A5F}"
EndProject
Project("{FAE04EC0-301F-11D3-BF4B-00C04F79EFBC}") = "DarkDeeds.ServiceAuth.ContractImpl", "DarkDeeds.ServiceAuth.ContractImpl\DarkDeeds.ServiceAuth.ContractImpl.csproj", "{6775017C-B681-4F74-8DF4-D4238AA32BFE}"
EndProject
Project("{2150E333-8FDC-42A3-9474-1A3956D46DE8}") = "4 Details", "4 Details", "{D823FEAC-1E0B-43F3-AA68-B32072390D73}"
EndProject
Project("{FAE04EC0-301F-11D3-BF4B-00C04F79EFBC}") = "DarkDeeds.ServiceAuth.Data", "DarkDeeds.ServiceAuth.Data\DarkDeeds.ServiceAuth.Data.csproj", "{84521DBA-D830-4F53-A08D-960E383AD939}"
EndProject
Project("{FAE04EC0-301F-11D3-BF4B-00C04F79EFBC}") = "DarkDeeds.ServiceAuth.App", "DarkDeeds.ServiceAuth.App\DarkDeeds.ServiceAuth.App.csproj", "{EE3C8CB5-3956-481B-AAD3-1EA366DF501A}"
EndProject
Project("{2150E333-8FDC-42A3-9474-1A3956D46DE8}") = "ServiceTask", "ServiceTask", "{7B40DBCC-247C-482C-A149-789BD9ABC39F}"
EndProject
Project("{2150E333-8FDC-42A3-9474-1A3956D46DE8}") = "1 Domain", "1 Domain", "{FD8EB563-2230-446A-862A-8A16BD9A48FD}"
EndProject
Project("{2150E333-8FDC-42A3-9474-1A3956D46DE8}") = "2 UseCases - gRPC", "2 UseCases - gRPC", "{758093F3-1BD6-4229-8B72-972C2D648912}"
EndProject
Project("{2150E333-8FDC-42A3-9474-1A3956D46DE8}") = "3 Details", "3 Details", "{7848FA73-CD97-485E-B4CD-11D4884A5AD1}"
EndProject
Project("{FAE04EC0-301F-11D3-BF4B-00C04F79EFBC}") = "DarkDeeds.ServiceTask.Entities", "DarkDeeds.ServiceTask.Entities\DarkDeeds.ServiceTask.Entities.csproj", "{ACD587F8-69B8-4BB4-B990-CAA3D501D439}"
EndProject
Project("{FAE04EC0-301F-11D3-BF4B-00C04F79EFBC}") = "DarkDeeds.ServiceTask.Infrastructure", "DarkDeeds.ServiceTask.Infrastructure\DarkDeeds.ServiceTask.Infrastructure.csproj", "{428E2C71-AB67-4B81-903B-C9D1649147A4}"
EndProject
Project("{FAE04EC0-301F-11D3-BF4B-00C04F79EFBC}") = "DarkDeeds.ServiceTask.Models", "DarkDeeds.ServiceTask.Models\DarkDeeds.ServiceTask.Models.csproj", "{518E0F61-1919-4DE9-93C4-3FB96BAB4C42}"
EndProject
Project("{FAE04EC0-301F-11D3-BF4B-00C04F79EFBC}") = "DarkDeeds.ServiceTask.Services", "DarkDeeds.ServiceTask.Services\DarkDeeds.ServiceTask.Services.csproj", "{CB6C9950-CC59-4C55-8C80-8611871242E9}"
EndProject
Project("{FAE04EC0-301F-11D3-BF4B-00C04F79EFBC}") = "DarkDeeds.ServiceTask.Contract", "DarkDeeds.ServiceTask.Contract\DarkDeeds.ServiceTask.Contract.csproj", "{A9947536-B1A0-4934-910B-1A57BA740757}"
EndProject
Project("{FAE04EC0-301F-11D3-BF4B-00C04F79EFBC}") = "DarkDeeds.ServiceTask.ContractImpl", "DarkDeeds.ServiceTask.ContractImpl\DarkDeeds.ServiceTask.ContractImpl.csproj", "{31B5521B-5C95-49D9-B60A-FCE330B0A299}"
EndProject
Project("{FAE04EC0-301F-11D3-BF4B-00C04F79EFBC}") = "DarkDeeds.ServiceTask.Data", "DarkDeeds.ServiceTask.Data\DarkDeeds.ServiceTask.Data.csproj", "{6FDBC315-B322-4DAF-98CA-B2D185A3CD50}"
EndProject
Project("{FAE04EC0-301F-11D3-BF4B-00C04F79EFBC}") = "DarkDeeds.ServiceTask.Tests", "DarkDeeds.ServiceTask.Tests\DarkDeeds.ServiceTask.Tests.csproj", "{D36A64F8-9C2B-4508-94A7-9E402306A302}"
EndProject
Project("{FAE04EC0-301F-11D3-BF4B-00C04F79EFBC}") = "DarkDeeds.ServiceTask.Communication", "DarkDeeds.ServiceTask.Communication\DarkDeeds.ServiceTask.Communication.csproj", "{457380C2-FDB5-4E0E-844B-DD8149672A3F}"
EndProject
Project("{2150E333-8FDC-42A3-9474-1A3956D46DE8}") = "TelegramClient", "TelegramClient", "{F9F5398C-A6E6-4030-976C-6B05C3567D69}"
EndProject
Project("{2150E333-8FDC-42A3-9474-1A3956D46DE8}") = "1 Entities", "1 Entities", "{5113B377-3582-46C2-93FE-4333B24530B5}"
EndProject
Project("{2150E333-8FDC-42A3-9474-1A3956D46DE8}") = "2 Services", "2 Services", "{DE397D71-4D8D-4BF3-932A-99E16A16ACF8}"
EndProject
Project("{2150E333-8FDC-42A3-9474-1A3956D46DE8}") = "3 Details", "3 Details", "{AF981F5A-48BE-4D84-BDA7-6E3E214831DD}"
EndProject
Project("{FAE04EC0-301F-11D3-BF4B-00C04F79EFBC}") = "DarkDeeds.TelegramClient.Entities", "DarkDeeds.TelegramClient.Entities\DarkDeeds.TelegramClient.Entities.csproj", "{036305A8-D3C4-4420-A8DF-3FF8049A163D}"
EndProject
Project("{FAE04EC0-301F-11D3-BF4B-00C04F79EFBC}") = "DarkDeeds.TelegramClient.Infrastructure", "DarkDeeds.TelegramClient.Infrastructure\DarkDeeds.TelegramClient.Infrastructure.csproj", "{68814DAE-5A78-4427-9951-5751FFFD0987}"
EndProject
Project("{FAE04EC0-301F-11D3-BF4B-00C04F79EFBC}") = "DarkDeeds.TelegramClient.Services", "DarkDeeds.TelegramClient.Services\DarkDeeds.TelegramClient.Services.csproj", "{18104F79-2940-4CD9-9952-ED6E78918A33}"
EndProject
Project("{FAE04EC0-301F-11D3-BF4B-00C04F79EFBC}") = "DarkDeeds.TelegramClient.Data", "DarkDeeds.TelegramClient.Data\DarkDeeds.TelegramClient.Data.csproj", "{87226D42-5550-416C-B4F8-7EB2B55EA8E4}"
EndProject
Project("{FAE04EC0-301F-11D3-BF4B-00C04F79EFBC}") = "DarkDeeds.TelegramClient.Communication", "DarkDeeds.TelegramClient.Communication\DarkDeeds.TelegramClient.Communication.csproj", "{1E23EAEE-5763-4363-AA0B-705AA71A1D26}"
EndProject
Project("{FAE04EC0-301F-11D3-BF4B-00C04F79EFBC}") = "DarkDeeds.TelegramClient.Tests", "DarkDeeds.TelegramClient.Tests\DarkDeeds.TelegramClient.Tests.csproj", "{A4ABC6FF-E3DB-43BF-98FD-2487A8EEDC12}"
EndProject
Project("{FAE04EC0-301F-11D3-BF4B-00C04F79EFBC}") = "DarkDeeds.ServiceTask.App", "DarkDeeds.ServiceTask.App\DarkDeeds.ServiceTask.App.csproj", "{362FF211-20AB-40C4-9BA9-12EE95F0FC4D}"
EndProject
Project("{2150E333-8FDC-42A3-9474-1A3956D46DE8}") = "WebClientBff", "WebClientBff", "{9594F9B5-6DBE-49D1-9485-BC99F4466CDE}"
EndProject
Project("{2150E333-8FDC-42A3-9474-1A3956D46DE8}") = "1 Entities", "1 Entities", "{6802ED7D-E4FE-4BA2-AA8F-CC659F2D57F7}"
EndProject
Project("{2150E333-8FDC-42A3-9474-1A3956D46DE8}") = "2 Services", "2 Services", "{4982C972-07E5-4F33-BD7A-D6372A163D2C}"
EndProject
Project("{2150E333-8FDC-42A3-9474-1A3956D46DE8}") = "3 UseCases", "3 UseCases", "{CCFCFF42-EF69-4FDF-9405-AC1D98E4B876}"
EndProject
Project("{2150E333-8FDC-42A3-9474-1A3956D46DE8}") = "4 Details", "4 Details", "{4F15F716-2209-43C8-AC54-02AAE2BF05F0}"
EndProject
Project("{FAE04EC0-301F-11D3-BF4B-00C04F79EFBC}") = "DarkDeeds.WebClientBff.Entities", "DarkDeeds.WebClientBff.Entities\DarkDeeds.WebClientBff.Entities.csproj", "{F480BF5A-3A2D-45FB-93B8-9D36BA687404}"
EndProject
Project("{FAE04EC0-301F-11D3-BF4B-00C04F79EFBC}") = "DarkDeeds.WebClientBff.Infrastructure", "DarkDeeds.WebClientBff.Infrastructure\DarkDeeds.WebClientBff.Infrastructure.csproj", "{9DB67B5C-47E5-453F-8A6C-5BC0F5F3BAFE}"
EndProject
Project("{FAE04EC0-301F-11D3-BF4B-00C04F79EFBC}") = "DarkDeeds.WebClientBff.Services", "DarkDeeds.WebClientBff.Services\DarkDeeds.WebClientBff.Services.csproj", "{974BC3E9-9D18-4109-A332-8081908968BA}"
EndProject
Project("{FAE04EC0-301F-11D3-BF4B-00C04F79EFBC}") = "DarkDeeds.WebClientBff.UseCases", "DarkDeeds.WebClientBff.UseCases\DarkDeeds.WebClientBff.UseCases.csproj", "{060CE29F-EC59-4FCF-A988-5DE14C0869C0}"
EndProject
Project("{FAE04EC0-301F-11D3-BF4B-00C04F79EFBC}") = "DarkDeeds.WebClientBff.Communication", "DarkDeeds.WebClientBff.Communication\DarkDeeds.WebClientBff.Communication.csproj", "{65D5CB1E-3297-4DD8-B239-73C21FDA83D2}"
EndProject
Project("{FAE04EC0-301F-11D3-BF4B-00C04F79EFBC}") = "DarkDeeds.WebClientBff.Data", "DarkDeeds.WebClientBff.Data\DarkDeeds.WebClientBff.Data.csproj", "{6E93E08A-AF5B-4108-A165-326538459462}"
EndProject
Project("{2150E333-8FDC-42A3-9474-1A3956D46DE8}") = "Tools", "Tools", "{FAEFF8E8-5219-48F4-9D63-B935A3065D7A}"
EndProject
Project("{FAE04EC0-301F-11D3-BF4B-00C04F79EFBC}") = "DarkDeeds.MongoMigrator", "DarkDeeds.MongoMigrator\DarkDeeds.MongoMigrator.csproj", "{CD5F25AA-ED82-4728-BC1B-B762F6D45380}"
EndProject
Project("{2150E333-8FDC-42A3-9474-1A3956D46DE8}") = "MongoMigrator", "MongoMigrator", "{379A5155-ABBA-4441-A0C3-BC70AF4DA9A8}"
EndProject
Project("{FAE04EC0-301F-11D3-BF4B-00C04F79EFBC}") = "DarkDeeds.MongoMigrator.PostgreDal", "DarkDeeds.MongoMigrator.PostgreDal\DarkDeeds.MongoMigrator.PostgreDal.csproj", "{36241383-24D6-4BC8-8A20-64D1C9B52149}"
EndProject
Project("{FAE04EC0-301F-11D3-BF4B-00C04F79EFBC}") = "DarkDeeds.AppMetrics", "DarkDeeds.AppMetrics\DarkDeeds.AppMetrics.csproj", "{359508B0-96D1-4EA3-AA10-6274E90FDDA3}"
EndProject
Project("{FAE04EC0-301F-11D3-BF4B-00C04F79EFBC}") = "DarkDeeds.Common.Web", "DarkDeeds.Common.Web\DarkDeeds.Common.Web.csproj", "{BFDE6CC0-5731-4DB7-BF7A-17CB20D81EBD}"
EndProject
Project("{2150E333-8FDC-42A3-9474-1A3956D46DE8}") = "Backend", "Backend", "{37AAA0CB-FEB0-45FD-8973-D8BE23447AED}"
EndProject
Project("{FAE04EC0-301F-11D3-BF4B-00C04F79EFBC}") = "DarkDeeds.Backend.App", "DarkDeeds.Backend.App\DarkDeeds.Backend.App.csproj", "{03FCA965-B1C5-499D-8507-B11B977B1CC0}"
EndProject
Project("{FAE04EC0-301F-11D3-BF4B-00C04F79EFBC}") = "DarkDeeds.TelegramClient.Web", "DarkDeeds.TelegramClient.Web\DarkDeeds.TelegramClient.Web.csproj", "{41FDC7EA-9063-4D92-A471-4A1BCAB8BAC5}"
EndProject
Project("{FAE04EC0-301F-11D3-BF4B-00C04F79EFBC}") = "DarkDeeds.WebClientBff.Web", "DarkDeeds.WebClientBff.Web\DarkDeeds.WebClientBff.Web.csproj", "{0AB79B83-DF9C-4F19-83B7-36690ABB9E21}"
EndProject
Project("{2150E333-8FDC-42A3-9474-1A3956D46DE8}") = "Apps", "Apps", "{CFF17693-AB71-4F57-8E85-7FA8D3602B47}"
EndProject
Global
	GlobalSection(SolutionConfigurationPlatforms) = preSolution
		Debug|Any CPU = Debug|Any CPU
		Release|Any CPU = Release|Any CPU
	EndGlobalSection
	GlobalSection(ProjectConfigurationPlatforms) = postSolution
		{726DD25B-2FCB-4ADA-838D-A5B40D876E12}.Debug|Any CPU.ActiveCfg = Debug|Any CPU
		{726DD25B-2FCB-4ADA-838D-A5B40D876E12}.Debug|Any CPU.Build.0 = Debug|Any CPU
		{726DD25B-2FCB-4ADA-838D-A5B40D876E12}.Release|Any CPU.ActiveCfg = Release|Any CPU
		{726DD25B-2FCB-4ADA-838D-A5B40D876E12}.Release|Any CPU.Build.0 = Release|Any CPU
		{72D35FCC-31AE-4D28-9760-FAFB8EB3A846}.Debug|Any CPU.ActiveCfg = Debug|Any CPU
		{72D35FCC-31AE-4D28-9760-FAFB8EB3A846}.Debug|Any CPU.Build.0 = Debug|Any CPU
		{72D35FCC-31AE-4D28-9760-FAFB8EB3A846}.Release|Any CPU.ActiveCfg = Release|Any CPU
		{72D35FCC-31AE-4D28-9760-FAFB8EB3A846}.Release|Any CPU.Build.0 = Release|Any CPU
		{66ABB7BF-BD71-4511-BEB5-68739838D383}.Debug|Any CPU.ActiveCfg = Debug|Any CPU
		{66ABB7BF-BD71-4511-BEB5-68739838D383}.Debug|Any CPU.Build.0 = Debug|Any CPU
		{66ABB7BF-BD71-4511-BEB5-68739838D383}.Release|Any CPU.ActiveCfg = Release|Any CPU
		{66ABB7BF-BD71-4511-BEB5-68739838D383}.Release|Any CPU.Build.0 = Release|Any CPU
		{C6896D1B-DC4E-4170-BF82-884CADFF32D5}.Debug|Any CPU.ActiveCfg = Debug|Any CPU
		{C6896D1B-DC4E-4170-BF82-884CADFF32D5}.Debug|Any CPU.Build.0 = Debug|Any CPU
		{C6896D1B-DC4E-4170-BF82-884CADFF32D5}.Release|Any CPU.ActiveCfg = Release|Any CPU
		{C6896D1B-DC4E-4170-BF82-884CADFF32D5}.Release|Any CPU.Build.0 = Release|Any CPU
		{DC009582-7190-4FCD-9AA3-667A1D8B55B6}.Debug|Any CPU.ActiveCfg = Debug|Any CPU
		{DC009582-7190-4FCD-9AA3-667A1D8B55B6}.Debug|Any CPU.Build.0 = Debug|Any CPU
		{DC009582-7190-4FCD-9AA3-667A1D8B55B6}.Release|Any CPU.ActiveCfg = Release|Any CPU
		{DC009582-7190-4FCD-9AA3-667A1D8B55B6}.Release|Any CPU.Build.0 = Release|Any CPU
		{7D799D64-3B71-49DE-8E21-EC83497A7A26}.Debug|Any CPU.ActiveCfg = Debug|Any CPU
		{7D799D64-3B71-49DE-8E21-EC83497A7A26}.Debug|Any CPU.Build.0 = Debug|Any CPU
		{7D799D64-3B71-49DE-8E21-EC83497A7A26}.Release|Any CPU.ActiveCfg = Release|Any CPU
		{7D799D64-3B71-49DE-8E21-EC83497A7A26}.Release|Any CPU.Build.0 = Release|Any CPU
		{D1EA6363-BF52-4EBE-8AE4-A28B40EAA7DD}.Debug|Any CPU.ActiveCfg = Debug|Any CPU
		{D1EA6363-BF52-4EBE-8AE4-A28B40EAA7DD}.Debug|Any CPU.Build.0 = Debug|Any CPU
		{D1EA6363-BF52-4EBE-8AE4-A28B40EAA7DD}.Release|Any CPU.ActiveCfg = Release|Any CPU
		{D1EA6363-BF52-4EBE-8AE4-A28B40EAA7DD}.Release|Any CPU.Build.0 = Release|Any CPU
		{4A4A97C3-C13F-4226-8B92-7AF180991A5F}.Debug|Any CPU.ActiveCfg = Debug|Any CPU
		{4A4A97C3-C13F-4226-8B92-7AF180991A5F}.Debug|Any CPU.Build.0 = Debug|Any CPU
		{4A4A97C3-C13F-4226-8B92-7AF180991A5F}.Release|Any CPU.ActiveCfg = Release|Any CPU
		{4A4A97C3-C13F-4226-8B92-7AF180991A5F}.Release|Any CPU.Build.0 = Release|Any CPU
		{6775017C-B681-4F74-8DF4-D4238AA32BFE}.Debug|Any CPU.ActiveCfg = Debug|Any CPU
		{6775017C-B681-4F74-8DF4-D4238AA32BFE}.Debug|Any CPU.Build.0 = Debug|Any CPU
		{6775017C-B681-4F74-8DF4-D4238AA32BFE}.Release|Any CPU.ActiveCfg = Release|Any CPU
		{6775017C-B681-4F74-8DF4-D4238AA32BFE}.Release|Any CPU.Build.0 = Release|Any CPU
		{84521DBA-D830-4F53-A08D-960E383AD939}.Debug|Any CPU.ActiveCfg = Debug|Any CPU
		{84521DBA-D830-4F53-A08D-960E383AD939}.Debug|Any CPU.Build.0 = Debug|Any CPU
		{84521DBA-D830-4F53-A08D-960E383AD939}.Release|Any CPU.ActiveCfg = Release|Any CPU
		{84521DBA-D830-4F53-A08D-960E383AD939}.Release|Any CPU.Build.0 = Release|Any CPU
		{EE3C8CB5-3956-481B-AAD3-1EA366DF501A}.Debug|Any CPU.ActiveCfg = Debug|Any CPU
		{EE3C8CB5-3956-481B-AAD3-1EA366DF501A}.Debug|Any CPU.Build.0 = Debug|Any CPU
		{EE3C8CB5-3956-481B-AAD3-1EA366DF501A}.Release|Any CPU.ActiveCfg = Release|Any CPU
		{EE3C8CB5-3956-481B-AAD3-1EA366DF501A}.Release|Any CPU.Build.0 = Release|Any CPU
		{ACD587F8-69B8-4BB4-B990-CAA3D501D439}.Debug|Any CPU.ActiveCfg = Debug|Any CPU
		{ACD587F8-69B8-4BB4-B990-CAA3D501D439}.Debug|Any CPU.Build.0 = Debug|Any CPU
		{ACD587F8-69B8-4BB4-B990-CAA3D501D439}.Release|Any CPU.ActiveCfg = Release|Any CPU
		{ACD587F8-69B8-4BB4-B990-CAA3D501D439}.Release|Any CPU.Build.0 = Release|Any CPU
		{428E2C71-AB67-4B81-903B-C9D1649147A4}.Debug|Any CPU.ActiveCfg = Debug|Any CPU
		{428E2C71-AB67-4B81-903B-C9D1649147A4}.Debug|Any CPU.Build.0 = Debug|Any CPU
		{428E2C71-AB67-4B81-903B-C9D1649147A4}.Release|Any CPU.ActiveCfg = Release|Any CPU
		{428E2C71-AB67-4B81-903B-C9D1649147A4}.Release|Any CPU.Build.0 = Release|Any CPU
		{518E0F61-1919-4DE9-93C4-3FB96BAB4C42}.Debug|Any CPU.ActiveCfg = Debug|Any CPU
		{518E0F61-1919-4DE9-93C4-3FB96BAB4C42}.Debug|Any CPU.Build.0 = Debug|Any CPU
		{518E0F61-1919-4DE9-93C4-3FB96BAB4C42}.Release|Any CPU.ActiveCfg = Release|Any CPU
		{518E0F61-1919-4DE9-93C4-3FB96BAB4C42}.Release|Any CPU.Build.0 = Release|Any CPU
		{CB6C9950-CC59-4C55-8C80-8611871242E9}.Debug|Any CPU.ActiveCfg = Debug|Any CPU
		{CB6C9950-CC59-4C55-8C80-8611871242E9}.Debug|Any CPU.Build.0 = Debug|Any CPU
		{CB6C9950-CC59-4C55-8C80-8611871242E9}.Release|Any CPU.ActiveCfg = Release|Any CPU
		{CB6C9950-CC59-4C55-8C80-8611871242E9}.Release|Any CPU.Build.0 = Release|Any CPU
		{A9947536-B1A0-4934-910B-1A57BA740757}.Debug|Any CPU.ActiveCfg = Debug|Any CPU
		{A9947536-B1A0-4934-910B-1A57BA740757}.Debug|Any CPU.Build.0 = Debug|Any CPU
		{A9947536-B1A0-4934-910B-1A57BA740757}.Release|Any CPU.ActiveCfg = Release|Any CPU
		{A9947536-B1A0-4934-910B-1A57BA740757}.Release|Any CPU.Build.0 = Release|Any CPU
		{31B5521B-5C95-49D9-B60A-FCE330B0A299}.Debug|Any CPU.ActiveCfg = Debug|Any CPU
		{31B5521B-5C95-49D9-B60A-FCE330B0A299}.Debug|Any CPU.Build.0 = Debug|Any CPU
		{31B5521B-5C95-49D9-B60A-FCE330B0A299}.Release|Any CPU.ActiveCfg = Release|Any CPU
		{31B5521B-5C95-49D9-B60A-FCE330B0A299}.Release|Any CPU.Build.0 = Release|Any CPU
		{6FDBC315-B322-4DAF-98CA-B2D185A3CD50}.Debug|Any CPU.ActiveCfg = Debug|Any CPU
		{6FDBC315-B322-4DAF-98CA-B2D185A3CD50}.Debug|Any CPU.Build.0 = Debug|Any CPU
		{6FDBC315-B322-4DAF-98CA-B2D185A3CD50}.Release|Any CPU.ActiveCfg = Release|Any CPU
		{6FDBC315-B322-4DAF-98CA-B2D185A3CD50}.Release|Any CPU.Build.0 = Release|Any CPU
		{D36A64F8-9C2B-4508-94A7-9E402306A302}.Debug|Any CPU.ActiveCfg = Debug|Any CPU
		{D36A64F8-9C2B-4508-94A7-9E402306A302}.Debug|Any CPU.Build.0 = Debug|Any CPU
		{D36A64F8-9C2B-4508-94A7-9E402306A302}.Release|Any CPU.ActiveCfg = Release|Any CPU
		{D36A64F8-9C2B-4508-94A7-9E402306A302}.Release|Any CPU.Build.0 = Release|Any CPU
		{457380C2-FDB5-4E0E-844B-DD8149672A3F}.Debug|Any CPU.ActiveCfg = Debug|Any CPU
		{457380C2-FDB5-4E0E-844B-DD8149672A3F}.Debug|Any CPU.Build.0 = Debug|Any CPU
		{457380C2-FDB5-4E0E-844B-DD8149672A3F}.Release|Any CPU.ActiveCfg = Release|Any CPU
		{457380C2-FDB5-4E0E-844B-DD8149672A3F}.Release|Any CPU.Build.0 = Release|Any CPU
		{036305A8-D3C4-4420-A8DF-3FF8049A163D}.Debug|Any CPU.ActiveCfg = Debug|Any CPU
		{036305A8-D3C4-4420-A8DF-3FF8049A163D}.Debug|Any CPU.Build.0 = Debug|Any CPU
		{036305A8-D3C4-4420-A8DF-3FF8049A163D}.Release|Any CPU.ActiveCfg = Release|Any CPU
		{036305A8-D3C4-4420-A8DF-3FF8049A163D}.Release|Any CPU.Build.0 = Release|Any CPU
		{68814DAE-5A78-4427-9951-5751FFFD0987}.Debug|Any CPU.ActiveCfg = Debug|Any CPU
		{68814DAE-5A78-4427-9951-5751FFFD0987}.Debug|Any CPU.Build.0 = Debug|Any CPU
		{68814DAE-5A78-4427-9951-5751FFFD0987}.Release|Any CPU.ActiveCfg = Release|Any CPU
		{68814DAE-5A78-4427-9951-5751FFFD0987}.Release|Any CPU.Build.0 = Release|Any CPU
		{18104F79-2940-4CD9-9952-ED6E78918A33}.Debug|Any CPU.ActiveCfg = Debug|Any CPU
		{18104F79-2940-4CD9-9952-ED6E78918A33}.Debug|Any CPU.Build.0 = Debug|Any CPU
		{18104F79-2940-4CD9-9952-ED6E78918A33}.Release|Any CPU.ActiveCfg = Release|Any CPU
		{18104F79-2940-4CD9-9952-ED6E78918A33}.Release|Any CPU.Build.0 = Release|Any CPU
		{87226D42-5550-416C-B4F8-7EB2B55EA8E4}.Debug|Any CPU.ActiveCfg = Debug|Any CPU
		{87226D42-5550-416C-B4F8-7EB2B55EA8E4}.Debug|Any CPU.Build.0 = Debug|Any CPU
		{87226D42-5550-416C-B4F8-7EB2B55EA8E4}.Release|Any CPU.ActiveCfg = Release|Any CPU
		{87226D42-5550-416C-B4F8-7EB2B55EA8E4}.Release|Any CPU.Build.0 = Release|Any CPU
		{1E23EAEE-5763-4363-AA0B-705AA71A1D26}.Debug|Any CPU.ActiveCfg = Debug|Any CPU
		{1E23EAEE-5763-4363-AA0B-705AA71A1D26}.Debug|Any CPU.Build.0 = Debug|Any CPU
		{1E23EAEE-5763-4363-AA0B-705AA71A1D26}.Release|Any CPU.ActiveCfg = Release|Any CPU
		{1E23EAEE-5763-4363-AA0B-705AA71A1D26}.Release|Any CPU.Build.0 = Release|Any CPU
		{A4ABC6FF-E3DB-43BF-98FD-2487A8EEDC12}.Debug|Any CPU.ActiveCfg = Debug|Any CPU
		{A4ABC6FF-E3DB-43BF-98FD-2487A8EEDC12}.Debug|Any CPU.Build.0 = Debug|Any CPU
		{A4ABC6FF-E3DB-43BF-98FD-2487A8EEDC12}.Release|Any CPU.ActiveCfg = Release|Any CPU
		{A4ABC6FF-E3DB-43BF-98FD-2487A8EEDC12}.Release|Any CPU.Build.0 = Release|Any CPU
		{362FF211-20AB-40C4-9BA9-12EE95F0FC4D}.Debug|Any CPU.ActiveCfg = Debug|Any CPU
		{362FF211-20AB-40C4-9BA9-12EE95F0FC4D}.Debug|Any CPU.Build.0 = Debug|Any CPU
		{362FF211-20AB-40C4-9BA9-12EE95F0FC4D}.Release|Any CPU.ActiveCfg = Release|Any CPU
		{362FF211-20AB-40C4-9BA9-12EE95F0FC4D}.Release|Any CPU.Build.0 = Release|Any CPU
		{F480BF5A-3A2D-45FB-93B8-9D36BA687404}.Debug|Any CPU.ActiveCfg = Debug|Any CPU
		{F480BF5A-3A2D-45FB-93B8-9D36BA687404}.Debug|Any CPU.Build.0 = Debug|Any CPU
		{F480BF5A-3A2D-45FB-93B8-9D36BA687404}.Release|Any CPU.ActiveCfg = Release|Any CPU
		{F480BF5A-3A2D-45FB-93B8-9D36BA687404}.Release|Any CPU.Build.0 = Release|Any CPU
		{9DB67B5C-47E5-453F-8A6C-5BC0F5F3BAFE}.Debug|Any CPU.ActiveCfg = Debug|Any CPU
		{9DB67B5C-47E5-453F-8A6C-5BC0F5F3BAFE}.Debug|Any CPU.Build.0 = Debug|Any CPU
		{9DB67B5C-47E5-453F-8A6C-5BC0F5F3BAFE}.Release|Any CPU.ActiveCfg = Release|Any CPU
		{9DB67B5C-47E5-453F-8A6C-5BC0F5F3BAFE}.Release|Any CPU.Build.0 = Release|Any CPU
		{974BC3E9-9D18-4109-A332-8081908968BA}.Debug|Any CPU.ActiveCfg = Debug|Any CPU
		{974BC3E9-9D18-4109-A332-8081908968BA}.Debug|Any CPU.Build.0 = Debug|Any CPU
		{974BC3E9-9D18-4109-A332-8081908968BA}.Release|Any CPU.ActiveCfg = Release|Any CPU
		{974BC3E9-9D18-4109-A332-8081908968BA}.Release|Any CPU.Build.0 = Release|Any CPU
		{060CE29F-EC59-4FCF-A988-5DE14C0869C0}.Debug|Any CPU.ActiveCfg = Debug|Any CPU
		{060CE29F-EC59-4FCF-A988-5DE14C0869C0}.Debug|Any CPU.Build.0 = Debug|Any CPU
		{060CE29F-EC59-4FCF-A988-5DE14C0869C0}.Release|Any CPU.ActiveCfg = Release|Any CPU
		{060CE29F-EC59-4FCF-A988-5DE14C0869C0}.Release|Any CPU.Build.0 = Release|Any CPU
		{65D5CB1E-3297-4DD8-B239-73C21FDA83D2}.Debug|Any CPU.ActiveCfg = Debug|Any CPU
		{65D5CB1E-3297-4DD8-B239-73C21FDA83D2}.Debug|Any CPU.Build.0 = Debug|Any CPU
		{65D5CB1E-3297-4DD8-B239-73C21FDA83D2}.Release|Any CPU.ActiveCfg = Release|Any CPU
		{65D5CB1E-3297-4DD8-B239-73C21FDA83D2}.Release|Any CPU.Build.0 = Release|Any CPU
		{6E93E08A-AF5B-4108-A165-326538459462}.Debug|Any CPU.ActiveCfg = Debug|Any CPU
		{6E93E08A-AF5B-4108-A165-326538459462}.Debug|Any CPU.Build.0 = Debug|Any CPU
		{6E93E08A-AF5B-4108-A165-326538459462}.Release|Any CPU.ActiveCfg = Release|Any CPU
		{6E93E08A-AF5B-4108-A165-326538459462}.Release|Any CPU.Build.0 = Release|Any CPU
		{CD5F25AA-ED82-4728-BC1B-B762F6D45380}.Debug|Any CPU.ActiveCfg = Debug|Any CPU
		{CD5F25AA-ED82-4728-BC1B-B762F6D45380}.Debug|Any CPU.Build.0 = Debug|Any CPU
		{CD5F25AA-ED82-4728-BC1B-B762F6D45380}.Release|Any CPU.ActiveCfg = Release|Any CPU
		{CD5F25AA-ED82-4728-BC1B-B762F6D45380}.Release|Any CPU.Build.0 = Release|Any CPU
		{36241383-24D6-4BC8-8A20-64D1C9B52149}.Debug|Any CPU.ActiveCfg = Debug|Any CPU
		{36241383-24D6-4BC8-8A20-64D1C9B52149}.Debug|Any CPU.Build.0 = Debug|Any CPU
		{36241383-24D6-4BC8-8A20-64D1C9B52149}.Release|Any CPU.ActiveCfg = Release|Any CPU
		{36241383-24D6-4BC8-8A20-64D1C9B52149}.Release|Any CPU.Build.0 = Release|Any CPU
		{359508B0-96D1-4EA3-AA10-6274E90FDDA3}.Debug|Any CPU.ActiveCfg = Debug|Any CPU
		{359508B0-96D1-4EA3-AA10-6274E90FDDA3}.Debug|Any CPU.Build.0 = Debug|Any CPU
		{359508B0-96D1-4EA3-AA10-6274E90FDDA3}.Release|Any CPU.ActiveCfg = Release|Any CPU
		{359508B0-96D1-4EA3-AA10-6274E90FDDA3}.Release|Any CPU.Build.0 = Release|Any CPU
		{BFDE6CC0-5731-4DB7-BF7A-17CB20D81EBD}.Debug|Any CPU.ActiveCfg = Debug|Any CPU
		{BFDE6CC0-5731-4DB7-BF7A-17CB20D81EBD}.Debug|Any CPU.Build.0 = Debug|Any CPU
		{BFDE6CC0-5731-4DB7-BF7A-17CB20D81EBD}.Release|Any CPU.ActiveCfg = Release|Any CPU
		{BFDE6CC0-5731-4DB7-BF7A-17CB20D81EBD}.Release|Any CPU.Build.0 = Release|Any CPU
		{03FCA965-B1C5-499D-8507-B11B977B1CC0}.Debug|Any CPU.ActiveCfg = Debug|Any CPU
		{03FCA965-B1C5-499D-8507-B11B977B1CC0}.Debug|Any CPU.Build.0 = Debug|Any CPU
		{03FCA965-B1C5-499D-8507-B11B977B1CC0}.Release|Any CPU.ActiveCfg = Release|Any CPU
		{03FCA965-B1C5-499D-8507-B11B977B1CC0}.Release|Any CPU.Build.0 = Release|Any CPU
		{41FDC7EA-9063-4D92-A471-4A1BCAB8BAC5}.Debug|Any CPU.ActiveCfg = Debug|Any CPU
		{41FDC7EA-9063-4D92-A471-4A1BCAB8BAC5}.Debug|Any CPU.Build.0 = Debug|Any CPU
		{41FDC7EA-9063-4D92-A471-4A1BCAB8BAC5}.Release|Any CPU.ActiveCfg = Release|Any CPU
		{41FDC7EA-9063-4D92-A471-4A1BCAB8BAC5}.Release|Any CPU.Build.0 = Release|Any CPU
		{0AB79B83-DF9C-4F19-83B7-36690ABB9E21}.Debug|Any CPU.ActiveCfg = Debug|Any CPU
		{0AB79B83-DF9C-4F19-83B7-36690ABB9E21}.Debug|Any CPU.Build.0 = Debug|Any CPU
		{0AB79B83-DF9C-4F19-83B7-36690ABB9E21}.Release|Any CPU.ActiveCfg = Release|Any CPU
		{0AB79B83-DF9C-4F19-83B7-36690ABB9E21}.Release|Any CPU.Build.0 = Release|Any CPU
	EndGlobalSection
	GlobalSection(NestedProjects) = preSolution
		{726DD25B-2FCB-4ADA-838D-A5B40D876E12} = {AC52881E-7538-4172-B3B8-2F57EC7CAA8E}
		{C1FA1A6A-11ED-48F4-8629-6EF2F84511CB} = {2E7C4CF3-EB8F-4660-A1EF-D64695FFDE02}
		{72D35FCC-31AE-4D28-9760-FAFB8EB3A846} = {C1FA1A6A-11ED-48F4-8629-6EF2F84511CB}
		{66ABB7BF-BD71-4511-BEB5-68739838D383} = {2360FC78-20CC-4031-8E89-4D291F94E7E1}
		{C6896D1B-DC4E-4170-BF82-884CADFF32D5} = {2360FC78-20CC-4031-8E89-4D291F94E7E1}
		{DC009582-7190-4FCD-9AA3-667A1D8B55B6} = {2360FC78-20CC-4031-8E89-4D291F94E7E1}
		{7D799D64-3B71-49DE-8E21-EC83497A7A26} = {2360FC78-20CC-4031-8E89-4D291F94E7E1}
		{E03FB25D-A5FC-4920-B0B6-23E24F5A3C9F} = {2E7C4CF3-EB8F-4660-A1EF-D64695FFDE02}
		{D1EA6363-BF52-4EBE-8AE4-A28B40EAA7DD} = {E03FB25D-A5FC-4920-B0B6-23E24F5A3C9F}
		{596B6D79-866C-4A62-92CB-94018277DB58} = {2E7C4CF3-EB8F-4660-A1EF-D64695FFDE02}
		{4A4A97C3-C13F-4226-8B92-7AF180991A5F} = {596B6D79-866C-4A62-92CB-94018277DB58}
		{6775017C-B681-4F74-8DF4-D4238AA32BFE} = {596B6D79-866C-4A62-92CB-94018277DB58}
		{D823FEAC-1E0B-43F3-AA68-B32072390D73} = {2E7C4CF3-EB8F-4660-A1EF-D64695FFDE02}
		{84521DBA-D830-4F53-A08D-960E383AD939} = {D823FEAC-1E0B-43F3-AA68-B32072390D73}
		{EE3C8CB5-3956-481B-AAD3-1EA366DF501A} = {D823FEAC-1E0B-43F3-AA68-B32072390D73}
		{FD8EB563-2230-446A-862A-8A16BD9A48FD} = {7B40DBCC-247C-482C-A149-789BD9ABC39F}
		{758093F3-1BD6-4229-8B72-972C2D648912} = {7B40DBCC-247C-482C-A149-789BD9ABC39F}
		{7848FA73-CD97-485E-B4CD-11D4884A5AD1} = {7B40DBCC-247C-482C-A149-789BD9ABC39F}
		{428E2C71-AB67-4B81-903B-C9D1649147A4} = {FD8EB563-2230-446A-862A-8A16BD9A48FD}
		{518E0F61-1919-4DE9-93C4-3FB96BAB4C42} = {FD8EB563-2230-446A-862A-8A16BD9A48FD}
		{CB6C9950-CC59-4C55-8C80-8611871242E9} = {FD8EB563-2230-446A-862A-8A16BD9A48FD}
		{A9947536-B1A0-4934-910B-1A57BA740757} = {758093F3-1BD6-4229-8B72-972C2D648912}
		{31B5521B-5C95-49D9-B60A-FCE330B0A299} = {758093F3-1BD6-4229-8B72-972C2D648912}
		{6FDBC315-B322-4DAF-98CA-B2D185A3CD50} = {7848FA73-CD97-485E-B4CD-11D4884A5AD1}
		{D36A64F8-9C2B-4508-94A7-9E402306A302} = {7848FA73-CD97-485E-B4CD-11D4884A5AD1}
		{457380C2-FDB5-4E0E-844B-DD8149672A3F} = {7848FA73-CD97-485E-B4CD-11D4884A5AD1}
		{5113B377-3582-46C2-93FE-4333B24530B5} = {F9F5398C-A6E6-4030-976C-6B05C3567D69}
		{DE397D71-4D8D-4BF3-932A-99E16A16ACF8} = {F9F5398C-A6E6-4030-976C-6B05C3567D69}
		{AF981F5A-48BE-4D84-BDA7-6E3E214831DD} = {F9F5398C-A6E6-4030-976C-6B05C3567D69}
		{036305A8-D3C4-4420-A8DF-3FF8049A163D} = {5113B377-3582-46C2-93FE-4333B24530B5}
		{68814DAE-5A78-4427-9951-5751FFFD0987} = {DE397D71-4D8D-4BF3-932A-99E16A16ACF8}
		{18104F79-2940-4CD9-9952-ED6E78918A33} = {DE397D71-4D8D-4BF3-932A-99E16A16ACF8}
		{87226D42-5550-416C-B4F8-7EB2B55EA8E4} = {AF981F5A-48BE-4D84-BDA7-6E3E214831DD}
		{1E23EAEE-5763-4363-AA0B-705AA71A1D26} = {AF981F5A-48BE-4D84-BDA7-6E3E214831DD}
		{A4ABC6FF-E3DB-43BF-98FD-2487A8EEDC12} = {AF981F5A-48BE-4D84-BDA7-6E3E214831DD}
		{362FF211-20AB-40C4-9BA9-12EE95F0FC4D} = {7848FA73-CD97-485E-B4CD-11D4884A5AD1}
		{6802ED7D-E4FE-4BA2-AA8F-CC659F2D57F7} = {9594F9B5-6DBE-49D1-9485-BC99F4466CDE}
		{4982C972-07E5-4F33-BD7A-D6372A163D2C} = {9594F9B5-6DBE-49D1-9485-BC99F4466CDE}
		{CCFCFF42-EF69-4FDF-9405-AC1D98E4B876} = {9594F9B5-6DBE-49D1-9485-BC99F4466CDE}
		{4F15F716-2209-43C8-AC54-02AAE2BF05F0} = {9594F9B5-6DBE-49D1-9485-BC99F4466CDE}
		{F480BF5A-3A2D-45FB-93B8-9D36BA687404} = {6802ED7D-E4FE-4BA2-AA8F-CC659F2D57F7}
		{9DB67B5C-47E5-453F-8A6C-5BC0F5F3BAFE} = {4982C972-07E5-4F33-BD7A-D6372A163D2C}
		{974BC3E9-9D18-4109-A332-8081908968BA} = {4982C972-07E5-4F33-BD7A-D6372A163D2C}
		{060CE29F-EC59-4FCF-A988-5DE14C0869C0} = {CCFCFF42-EF69-4FDF-9405-AC1D98E4B876}
		{65D5CB1E-3297-4DD8-B239-73C21FDA83D2} = {4F15F716-2209-43C8-AC54-02AAE2BF05F0}
		{6E93E08A-AF5B-4108-A165-326538459462} = {4F15F716-2209-43C8-AC54-02AAE2BF05F0}
		{ACD587F8-69B8-4BB4-B990-CAA3D501D439} = {FD8EB563-2230-446A-862A-8A16BD9A48FD}
		{379A5155-ABBA-4441-A0C3-BC70AF4DA9A8} = {FAEFF8E8-5219-48F4-9D63-B935A3065D7A}
		{CD5F25AA-ED82-4728-BC1B-B762F6D45380} = {379A5155-ABBA-4441-A0C3-BC70AF4DA9A8}
		{36241383-24D6-4BC8-8A20-64D1C9B52149} = {379A5155-ABBA-4441-A0C3-BC70AF4DA9A8}
		{359508B0-96D1-4EA3-AA10-6274E90FDDA3} = {2360FC78-20CC-4031-8E89-4D291F94E7E1}
		{BFDE6CC0-5731-4DB7-BF7A-17CB20D81EBD} = {2360FC78-20CC-4031-8E89-4D291F94E7E1}
		{03FCA965-B1C5-499D-8507-B11B977B1CC0} = {37AAA0CB-FEB0-45FD-8973-D8BE23447AED}
		{41FDC7EA-9063-4D92-A471-4A1BCAB8BAC5} = {AF981F5A-48BE-4D84-BDA7-6E3E214831DD}
		{F9F5398C-A6E6-4030-976C-6B05C3567D69} = {37AAA0CB-FEB0-45FD-8973-D8BE23447AED}
		{0AB79B83-DF9C-4F19-83B7-36690ABB9E21} = {4F15F716-2209-43C8-AC54-02AAE2BF05F0}
		{9594F9B5-6DBE-49D1-9485-BC99F4466CDE} = {37AAA0CB-FEB0-45FD-8973-D8BE23447AED}
		{2E7C4CF3-EB8F-4660-A1EF-D64695FFDE02} = {CFF17693-AB71-4F57-8E85-7FA8D3602B47}
		{AC52881E-7538-4172-B3B8-2F57EC7CAA8E} = {CFF17693-AB71-4F57-8E85-7FA8D3602B47}
		{37AAA0CB-FEB0-45FD-8973-D8BE23447AED} = {CFF17693-AB71-4F57-8E85-7FA8D3602B47}
		{7B40DBCC-247C-482C-A149-789BD9ABC39F} = {CFF17693-AB71-4F57-8E85-7FA8D3602B47}
	EndGlobalSection
EndGlobal
