
Microsoft Visual Studio Solution File, Format Version 12.00
Project("{FAE04EC0-301F-11D3-BF4B-00C04F79EFBC}") = "DarkDeeds.Authentication.WebApp", "DarkDeeds.Authentication.WebApp\DarkDeeds.Authentication.WebApp.csproj", "{F53A8A1E-1FEC-4531-920A-F3DA9B4A0F8A}"
EndProject
Project("{FAE04EC0-301F-11D3-BF4B-00C04F79EFBC}") = "DarkDeeds.Authentication", "DarkDeeds.Authentication\DarkDeeds.Authentication.csproj", "{8F8FCB74-EA98-47B3-89CB-3FA8FA3204A9}"
EndProject
Global
	GlobalSection(SolutionConfigurationPlatforms) = preSolution
		Debug|Any CPU = Debug|Any CPU
		Release|Any CPU = Release|Any CPU
	EndGlobalSection
	GlobalSection(ProjectConfigurationPlatforms) = postSolution
		{F53A8A1E-1FEC-4531-920A-F3DA9B4A0F8A}.Debug|Any CPU.ActiveCfg = Debug|Any CPU
		{F53A8A1E-1FEC-4531-920A-F3DA9B4A0F8A}.Debug|Any CPU.Build.0 = Debug|Any CPU
		{F53A8A1E-1FEC-4531-920A-F3DA9B4A0F8A}.Release|Any CPU.ActiveCfg = Release|Any CPU
		{F53A8A1E-1FEC-4531-920A-F3DA9B4A0F8A}.Release|Any CPU.Build.0 = Release|Any CPU
		{8F8FCB74-EA98-47B3-89CB-3FA8FA3204A9}.Debug|Any CPU.ActiveCfg = Debug|Any CPU
		{8F8FCB74-EA98-47B3-89CB-3FA8FA3204A9}.Debug|Any CPU.Build.0 = Debug|Any CPU
		{8F8FCB74-EA98-47B3-89CB-3FA8FA3204A9}.Release|Any CPU.ActiveCfg = Release|Any CPU
		{8F8FCB74-EA98-47B3-89CB-3FA8FA3204A9}.Release|Any CPU.Build.0 = Release|Any CPU
	EndGlobalSection
EndGlobal
